PODS:
  - TechReadsPod (0.0.1)

DEPENDENCIES:
  - TechReadsPod (from `https://github.com/AMadanlal/TechReadsPod.git`, branch `Feature/PodRefactor`)

EXTERNAL SOURCES:
  TechReadsPod:
    :branch: Feature/PodRefactor
    :git: https://github.com/AMadanlal/TechReadsPod.git

CHECKOUT OPTIONS:
  TechReadsPod:
    :commit: 80fb2a3b39f201b386129b1723ce20e8a4cc6278
    :git: https://github.com/AMadanlal/TechReadsPod.git

SPEC CHECKSUMS:
  TechReadsPod: 9ebb7f753fbcc497aee49615bc5ea428400b7047

PODFILE CHECKSUM: c9c1b4459d49bc183bbb7e577e35b9129394131b

COCOAPODS: 1.9.0
