PODS:
  - TechReadsPod (0.0.1)

DEPENDENCIES:
  - TechReadsPod (from `https://github.com/AMadanlal/TechReadsPod.git`, branch `Feature/UnitTests`)

EXTERNAL SOURCES:
  TechReadsPod:
    :branch: Feature/UnitTests
    :git: https://github.com/AMadanlal/TechReadsPod.git

CHECKOUT OPTIONS:
  TechReadsPod:
    :commit: bb767046c73f4349d39e9346f72c01721055c4f0
    :git: https://github.com/AMadanlal/TechReadsPod.git

SPEC CHECKSUMS:
  TechReadsPod: 9ebb7f753fbcc497aee49615bc5ea428400b7047

PODFILE CHECKSUM: 9e9f375eb1992ac0e4df1f2ce4aabbee87373f98

COCOAPODS: 1.9.0
