// !$*UTF8*$!
{
	archiveVersion = 1;
	classes = {
	};
	objectVersion = 51;
	objects = {

/* Begin PBXBuildFile section */
		8C50798516E60FF68E94E305 /* Pods_Tech_Reads.framework in Frameworks */ = {isa = PBXBuildFile; fileRef = 2A32D049A2EBB10A61720F39 /* Pods_Tech_Reads.framework */; };
		D33999B523FBC33A009E1811 /* SearchResultsTable.swift in Sources */ = {isa = PBXBuildFile; fileRef = D33999B423FBC33A009E1811 /* SearchResultsTable.swift */; };
		D368A43823EBF5130090A80F /* GameReviewController.swift in Sources */ = {isa = PBXBuildFile; fileRef = D368A43723EBF5130090A80F /* GameReviewController.swift */; };
		D368A43A23EBF6730090A80F /* GameSearchView.swift in Sources */ = {isa = PBXBuildFile; fileRef = D368A43923EBF6730090A80F /* GameSearchView.swift */; };
		D368A43E23EBF80E0090A80F /* UserPreferences.swift in Sources */ = {isa = PBXBuildFile; fileRef = D368A43D23EBF80E0090A80F /* UserPreferences.swift */; };
		D368A44023EC363D0090A80F /* GeneralTechReview.swift in Sources */ = {isa = PBXBuildFile; fileRef = D368A43F23EC363D0090A80F /* GeneralTechReview.swift */; };
		D3DBEC6923E98180003EBFDC /* AppDelegate.swift in Sources */ = {isa = PBXBuildFile; fileRef = D3DBEC6823E98180003EBFDC /* AppDelegate.swift */; };
		D3DBEC6B23E98180003EBFDC /* SceneDelegate.swift in Sources */ = {isa = PBXBuildFile; fileRef = D3DBEC6A23E98180003EBFDC /* SceneDelegate.swift */; };
		D3DBEC6D23E98180003EBFDC /* ViewController.swift in Sources */ = {isa = PBXBuildFile; fileRef = D3DBEC6C23E98180003EBFDC /* ViewController.swift */; };
		D3DBEC7023E98180003EBFDC /* Main.storyboard in Resources */ = {isa = PBXBuildFile; fileRef = D3DBEC6E23E98180003EBFDC /* Main.storyboard */; };
		D3DBEC7223E98180003EBFDC /* Assets.xcassets in Resources */ = {isa = PBXBuildFile; fileRef = D3DBEC7123E98180003EBFDC /* Assets.xcassets */; };
		D3DBEC7523E98180003EBFDC /* LaunchScreen.storyboard in Resources */ = {isa = PBXBuildFile; fileRef = D3DBEC7323E98180003EBFDC /* LaunchScreen.storyboard */; };
		D3DBEC8023E98180003EBFDC /* Tech_ReadsTests.swift in Sources */ = {isa = PBXBuildFile; fileRef = D3DBEC7F23E98180003EBFDC /* Tech_ReadsTests.swift */; };
		D3DBEC8B23E98180003EBFDC /* Tech_ReadsUITests.swift in Sources */ = {isa = PBXBuildFile; fileRef = D3DBEC8A23E98180003EBFDC /* Tech_ReadsUITests.swift */; };
		F8AFAA22CCCF51B7881916E5 /* Pods_Tech_ReadsTests.framework in Frameworks */ = {isa = PBXBuildFile; fileRef = 16D47E4007AC267583CE279B /* Pods_Tech_ReadsTests.framework */; };
		FACB67C45D519B26ADCCD2E5 /* Pods_Tech_Reads_Tech_ReadsUITests.framework in Frameworks */ = {isa = PBXBuildFile; fileRef = 51B13E60D858CFE31028503D /* Pods_Tech_Reads_Tech_ReadsUITests.framework */; };
/* End PBXBuildFile section */

/* Begin PBXContainerItemProxy section */
		D3DBEC7C23E98180003EBFDC /* PBXContainerItemProxy */ = {
			isa = PBXContainerItemProxy;
			containerPortal = D3DBEC5D23E98180003EBFDC /* Project object */;
			proxyType = 1;
			remoteGlobalIDString = D3DBEC6423E98180003EBFDC;
			remoteInfo = "Tech Reads";
		};
		D3DBEC8723E98180003EBFDC /* PBXContainerItemProxy */ = {
			isa = PBXContainerItemProxy;
			containerPortal = D3DBEC5D23E98180003EBFDC /* Project object */;
			proxyType = 1;
			remoteGlobalIDString = D3DBEC6423E98180003EBFDC;
			remoteInfo = "Tech Reads";
		};
/* End PBXContainerItemProxy section */

/* Begin PBXFileReference section */
		16D47E4007AC267583CE279B /* Pods_Tech_ReadsTests.framework */ = {isa = PBXFileReference; explicitFileType = wrapper.framework; includeInIndex = 0; path = Pods_Tech_ReadsTests.framework; sourceTree = BUILT_PRODUCTS_DIR; };
		2A32D049A2EBB10A61720F39 /* Pods_Tech_Reads.framework */ = {isa = PBXFileReference; explicitFileType = wrapper.framework; includeInIndex = 0; path = Pods_Tech_Reads.framework; sourceTree = BUILT_PRODUCTS_DIR; };
		51B13E60D858CFE31028503D /* Pods_Tech_Reads_Tech_ReadsUITests.framework */ = {isa = PBXFileReference; explicitFileType = wrapper.framework; includeInIndex = 0; path = Pods_Tech_Reads_Tech_ReadsUITests.framework; sourceTree = BUILT_PRODUCTS_DIR; };
		543C3844C8FAAC21ECD84410 /* Pods-Tech Reads-Tech ReadsUITests.debug.xcconfig */ = {isa = PBXFileReference; includeInIndex = 1; lastKnownFileType = text.xcconfig; name = "Pods-Tech Reads-Tech ReadsUITests.debug.xcconfig"; path = "Target Support Files/Pods-Tech Reads-Tech ReadsUITests/Pods-Tech Reads-Tech ReadsUITests.debug.xcconfig"; sourceTree = "<group>"; };
		6AF28F4281AAA508225E3623 /* Pods-Tech ReadsTests.release.xcconfig */ = {isa = PBXFileReference; includeInIndex = 1; lastKnownFileType = text.xcconfig; name = "Pods-Tech ReadsTests.release.xcconfig"; path = "Target Support Files/Pods-Tech ReadsTests/Pods-Tech ReadsTests.release.xcconfig"; sourceTree = "<group>"; };
		90169D3834167B0AABC731AF /* Pods-Tech Reads.debug.xcconfig */ = {isa = PBXFileReference; includeInIndex = 1; lastKnownFileType = text.xcconfig; name = "Pods-Tech Reads.debug.xcconfig"; path = "Target Support Files/Pods-Tech Reads/Pods-Tech Reads.debug.xcconfig"; sourceTree = "<group>"; };
		A3E767095EB5736F06AE1B1D /* Pods-Tech Reads.release.xcconfig */ = {isa = PBXFileReference; includeInIndex = 1; lastKnownFileType = text.xcconfig; name = "Pods-Tech Reads.release.xcconfig"; path = "Target Support Files/Pods-Tech Reads/Pods-Tech Reads.release.xcconfig"; sourceTree = "<group>"; };
		BC6499D66B3D98A727D3854B /* Pods-Tech ReadsTests.debug.xcconfig */ = {isa = PBXFileReference; includeInIndex = 1; lastKnownFileType = text.xcconfig; name = "Pods-Tech ReadsTests.debug.xcconfig"; path = "Target Support Files/Pods-Tech ReadsTests/Pods-Tech ReadsTests.debug.xcconfig"; sourceTree = "<group>"; };
		CDC363FED747F61BD5D64371 /* Pods-Tech Reads-Tech ReadsUITests.release.xcconfig */ = {isa = PBXFileReference; includeInIndex = 1; lastKnownFileType = text.xcconfig; name = "Pods-Tech Reads-Tech ReadsUITests.release.xcconfig"; path = "Target Support Files/Pods-Tech Reads-Tech ReadsUITests/Pods-Tech Reads-Tech ReadsUITests.release.xcconfig"; sourceTree = "<group>"; };
		D33999B423FBC33A009E1811 /* SearchResultsTable.swift */ = {isa = PBXFileReference; lastKnownFileType = sourcecode.swift; path = SearchResultsTable.swift; sourceTree = "<group>"; };
		D368A43723EBF5130090A80F /* GameReviewController.swift */ = {isa = PBXFileReference; lastKnownFileType = sourcecode.swift; path = GameReviewController.swift; sourceTree = "<group>"; };
		D368A43923EBF6730090A80F /* GameSearchView.swift */ = {isa = PBXFileReference; lastKnownFileType = sourcecode.swift; path = GameSearchView.swift; sourceTree = "<group>"; };
		D368A43D23EBF80E0090A80F /* UserPreferences.swift */ = {isa = PBXFileReference; lastKnownFileType = sourcecode.swift; path = UserPreferences.swift; sourceTree = "<group>"; };
		D368A43F23EC363D0090A80F /* GeneralTechReview.swift */ = {isa = PBXFileReference; lastKnownFileType = sourcecode.swift; path = GeneralTechReview.swift; sourceTree = "<group>"; };
		D3DBEC6523E98180003EBFDC /* Tech Reads.app */ = {isa = PBXFileReference; explicitFileType = wrapper.application; includeInIndex = 0; path = "Tech Reads.app"; sourceTree = BUILT_PRODUCTS_DIR; };
		D3DBEC6823E98180003EBFDC /* AppDelegate.swift */ = {isa = PBXFileReference; lastKnownFileType = sourcecode.swift; path = AppDelegate.swift; sourceTree = "<group>"; };
		D3DBEC6A23E98180003EBFDC /* SceneDelegate.swift */ = {isa = PBXFileReference; lastKnownFileType = sourcecode.swift; path = SceneDelegate.swift; sourceTree = "<group>"; };
		D3DBEC6C23E98180003EBFDC /* ViewController.swift */ = {isa = PBXFileReference; lastKnownFileType = sourcecode.swift; path = ViewController.swift; sourceTree = "<group>"; };
		D3DBEC6F23E98180003EBFDC /* Base */ = {isa = PBXFileReference; lastKnownFileType = file.storyboard; name = Base; path = Base.lproj/Main.storyboard; sourceTree = "<group>"; };
		D3DBEC7123E98180003EBFDC /* Assets.xcassets */ = {isa = PBXFileReference; lastKnownFileType = folder.assetcatalog; path = Assets.xcassets; sourceTree = "<group>"; };
		D3DBEC7423E98180003EBFDC /* Base */ = {isa = PBXFileReference; lastKnownFileType = file.storyboard; name = Base; path = Base.lproj/LaunchScreen.storyboard; sourceTree = "<group>"; };
		D3DBEC7623E98180003EBFDC /* Info.plist */ = {isa = PBXFileReference; lastKnownFileType = text.plist.xml; path = Info.plist; sourceTree = "<group>"; };
		D3DBEC7B23E98180003EBFDC /* Tech ReadsTests.xctest */ = {isa = PBXFileReference; explicitFileType = wrapper.cfbundle; includeInIndex = 0; path = "Tech ReadsTests.xctest"; sourceTree = BUILT_PRODUCTS_DIR; };
		D3DBEC7F23E98180003EBFDC /* Tech_ReadsTests.swift */ = {isa = PBXFileReference; lastKnownFileType = sourcecode.swift; path = Tech_ReadsTests.swift; sourceTree = "<group>"; };
		D3DBEC8123E98180003EBFDC /* Info.plist */ = {isa = PBXFileReference; lastKnownFileType = text.plist.xml; path = Info.plist; sourceTree = "<group>"; };
		D3DBEC8623E98180003EBFDC /* Tech ReadsUITests.xctest */ = {isa = PBXFileReference; explicitFileType = wrapper.cfbundle; includeInIndex = 0; path = "Tech ReadsUITests.xctest"; sourceTree = BUILT_PRODUCTS_DIR; };
		D3DBEC8A23E98180003EBFDC /* Tech_ReadsUITests.swift */ = {isa = PBXFileReference; lastKnownFileType = sourcecode.swift; path = Tech_ReadsUITests.swift; sourceTree = "<group>"; };
		D3DBEC8C23E98180003EBFDC /* Info.plist */ = {isa = PBXFileReference; lastKnownFileType = text.plist.xml; path = Info.plist; sourceTree = "<group>"; };
/* End PBXFileReference section */

/* Begin PBXFrameworksBuildPhase section */
		D3DBEC6223E98180003EBFDC /* Frameworks */ = {
			isa = PBXFrameworksBuildPhase;
			buildActionMask = 2147483647;
			files = (
				8C50798516E60FF68E94E305 /* Pods_Tech_Reads.framework in Frameworks */,
			);
			runOnlyForDeploymentPostprocessing = 0;
		};
		D3DBEC7823E98180003EBFDC /* Frameworks */ = {
			isa = PBXFrameworksBuildPhase;
			buildActionMask = 2147483647;
			files = (
				F8AFAA22CCCF51B7881916E5 /* Pods_Tech_ReadsTests.framework in Frameworks */,
			);
			runOnlyForDeploymentPostprocessing = 0;
		};
		D3DBEC8323E98180003EBFDC /* Frameworks */ = {
			isa = PBXFrameworksBuildPhase;
			buildActionMask = 2147483647;
			files = (
				FACB67C45D519B26ADCCD2E5 /* Pods_Tech_Reads_Tech_ReadsUITests.framework in Frameworks */,
			);
			runOnlyForDeploymentPostprocessing = 0;
		};
/* End PBXFrameworksBuildPhase section */

/* Begin PBXGroup section */
		3CD41D17481D8BFE4EE6067D /* Pods */ = {
			isa = PBXGroup;
			children = (
				90169D3834167B0AABC731AF /* Pods-Tech Reads.debug.xcconfig */,
				A3E767095EB5736F06AE1B1D /* Pods-Tech Reads.release.xcconfig */,
				543C3844C8FAAC21ECD84410 /* Pods-Tech Reads-Tech ReadsUITests.debug.xcconfig */,
				CDC363FED747F61BD5D64371 /* Pods-Tech Reads-Tech ReadsUITests.release.xcconfig */,
				BC6499D66B3D98A727D3854B /* Pods-Tech ReadsTests.debug.xcconfig */,
				6AF28F4281AAA508225E3623 /* Pods-Tech ReadsTests.release.xcconfig */,
			);
			path = Pods;
			sourceTree = "<group>";
		};
		A5E45DBD3F660E85071AE521 /* Frameworks */ = {
			isa = PBXGroup;
			children = (
				2A32D049A2EBB10A61720F39 /* Pods_Tech_Reads.framework */,
				51B13E60D858CFE31028503D /* Pods_Tech_Reads_Tech_ReadsUITests.framework */,
				16D47E4007AC267583CE279B /* Pods_Tech_ReadsTests.framework */,
			);
			name = Frameworks;
			sourceTree = "<group>";
		};
		D3DBEC5C23E98180003EBFDC = {
			isa = PBXGroup;
			children = (
				D3DBEC6723E98180003EBFDC /* Tech Reads */,
				D3DBEC7E23E98180003EBFDC /* Tech ReadsTests */,
				D3DBEC8923E98180003EBFDC /* Tech ReadsUITests */,
				D3DBEC6623E98180003EBFDC /* Products */,
				3CD41D17481D8BFE4EE6067D /* Pods */,
				A5E45DBD3F660E85071AE521 /* Frameworks */,
			);
			sourceTree = "<group>";
		};
		D3DBEC6623E98180003EBFDC /* Products */ = {
			isa = PBXGroup;
			children = (
				D3DBEC6523E98180003EBFDC /* Tech Reads.app */,
				D3DBEC7B23E98180003EBFDC /* Tech ReadsTests.xctest */,
				D3DBEC8623E98180003EBFDC /* Tech ReadsUITests.xctest */,
			);
			name = Products;
			sourceTree = "<group>";
		};
		D3DBEC6723E98180003EBFDC /* Tech Reads */ = {
			isa = PBXGroup;
			children = (
				D3DBEC6823E98180003EBFDC /* AppDelegate.swift */,
				D3DBEC6A23E98180003EBFDC /* SceneDelegate.swift */,
				D3DBEC6C23E98180003EBFDC /* ViewController.swift */,
				D3DBEC6E23E98180003EBFDC /* Main.storyboard */,
				D3DBEC7123E98180003EBFDC /* Assets.xcassets */,
				D3DBEC7323E98180003EBFDC /* LaunchScreen.storyboard */,
				D3DBEC7623E98180003EBFDC /* Info.plist */,
				D368A43723EBF5130090A80F /* GameReviewController.swift */,
				D368A43923EBF6730090A80F /* GameSearchView.swift */,
				D368A43D23EBF80E0090A80F /* UserPreferences.swift */,
				D368A43F23EC363D0090A80F /* GeneralTechReview.swift */,
				D33999B423FBC33A009E1811 /* SearchResultsTable.swift */,
			);
			path = "Tech Reads";
			sourceTree = "<group>";
		};
		D3DBEC7E23E98180003EBFDC /* Tech ReadsTests */ = {
			isa = PBXGroup;
			children = (
				D3DBEC7F23E98180003EBFDC /* Tech_ReadsTests.swift */,
				D3DBEC8123E98180003EBFDC /* Info.plist */,
			);
			path = "Tech ReadsTests";
			sourceTree = "<group>";
		};
		D3DBEC8923E98180003EBFDC /* Tech ReadsUITests */ = {
			isa = PBXGroup;
			children = (
				D3DBEC8A23E98180003EBFDC /* Tech_ReadsUITests.swift */,
				D3DBEC8C23E98180003EBFDC /* Info.plist */,
			);
			path = "Tech ReadsUITests";
			sourceTree = "<group>";
		};
/* End PBXGroup section */

/* Begin PBXNativeTarget section */
		D3DBEC6423E98180003EBFDC /* Tech Reads */ = {
			isa = PBXNativeTarget;
			buildConfigurationList = D3DBEC8F23E98180003EBFDC /* Build configuration list for PBXNativeTarget "Tech Reads" */;
			buildPhases = (
				A969EC1108D2265D270B9BCF /* [CP] Check Pods Manifest.lock */,
				D3DBEC6123E98180003EBFDC /* Sources */,
				D3DBEC6223E98180003EBFDC /* Frameworks */,
				D3DBEC6323E98180003EBFDC /* Resources */,
				D32661F223F2C145005EB5EF /* ShellScript */,
				E612DDF6052A9CCD7402FD46 /* [CP] Embed Pods Frameworks */,
			);
			buildRules = (
			);
			dependencies = (
			);
			name = "Tech Reads";
			productName = "Tech Reads";
			productReference = D3DBEC6523E98180003EBFDC /* Tech Reads.app */;
			productType = "com.apple.product-type.application";
		};
		D3DBEC7A23E98180003EBFDC /* Tech ReadsTests */ = {
			isa = PBXNativeTarget;
			buildConfigurationList = D3DBEC9223E98180003EBFDC /* Build configuration list for PBXNativeTarget "Tech ReadsTests" */;
			buildPhases = (
				4EE0EDEA9651C6F9D383AA19 /* [CP] Check Pods Manifest.lock */,
				D3DBEC7723E98180003EBFDC /* Sources */,
				D3DBEC7823E98180003EBFDC /* Frameworks */,
				D3DBEC7923E98180003EBFDC /* Resources */,
			);
			buildRules = (
			);
			dependencies = (
				D3DBEC7D23E98180003EBFDC /* PBXTargetDependency */,
			);
			name = "Tech ReadsTests";
			productName = "Tech ReadsTests";
			productReference = D3DBEC7B23E98180003EBFDC /* Tech ReadsTests.xctest */;
			productType = "com.apple.product-type.bundle.unit-test";
		};
		D3DBEC8523E98180003EBFDC /* Tech ReadsUITests */ = {
			isa = PBXNativeTarget;
			buildConfigurationList = D3DBEC9523E98180003EBFDC /* Build configuration list for PBXNativeTarget "Tech ReadsUITests" */;
			buildPhases = (
				EC33B133624D53472871A4FE /* [CP] Check Pods Manifest.lock */,
				D3DBEC8223E98180003EBFDC /* Sources */,
				D3DBEC8323E98180003EBFDC /* Frameworks */,
				D3DBEC8423E98180003EBFDC /* Resources */,
				D4C3B47D657E009AD80E4D18 /* [CP] Embed Pods Frameworks */,
			);
			buildRules = (
			);
			dependencies = (
				D3DBEC8823E98180003EBFDC /* PBXTargetDependency */,
			);
			name = "Tech ReadsUITests";
			productName = "Tech ReadsUITests";
			productReference = D3DBEC8623E98180003EBFDC /* Tech ReadsUITests.xctest */;
			productType = "com.apple.product-type.bundle.ui-testing";
		};
/* End PBXNativeTarget section */

/* Begin PBXProject section */
		D3DBEC5D23E98180003EBFDC /* Project object */ = {
			isa = PBXProject;
			attributes = {
				LastSwiftUpdateCheck = 1130;
				LastUpgradeCheck = 1130;
				ORGANIZATIONNAME = "Akshar Madanlal";
				TargetAttributes = {
					D3DBEC6423E98180003EBFDC = {
						CreatedOnToolsVersion = 11.3.1;
					};
					D3DBEC7A23E98180003EBFDC = {
						CreatedOnToolsVersion = 11.3.1;
						TestTargetID = D3DBEC6423E98180003EBFDC;
					};
					D3DBEC8523E98180003EBFDC = {
						CreatedOnToolsVersion = 11.3.1;
						TestTargetID = D3DBEC6423E98180003EBFDC;
					};
				};
			};
			buildConfigurationList = D3DBEC6023E98180003EBFDC /* Build configuration list for PBXProject "Tech Reads" */;
			compatibilityVersion = "Xcode 9.3";
			developmentRegion = en;
			hasScannedForEncodings = 0;
			knownRegions = (
				en,
				Base,
			);
			mainGroup = D3DBEC5C23E98180003EBFDC;
			productRefGroup = D3DBEC6623E98180003EBFDC /* Products */;
			projectDirPath = "";
			projectRoot = "";
			targets = (
				D3DBEC6423E98180003EBFDC /* Tech Reads */,
				D3DBEC7A23E98180003EBFDC /* Tech ReadsTests */,
				D3DBEC8523E98180003EBFDC /* Tech ReadsUITests */,
			);
		};
/* End PBXProject section */

/* Begin PBXResourcesBuildPhase section */
		D3DBEC6323E98180003EBFDC /* Resources */ = {
			isa = PBXResourcesBuildPhase;
			buildActionMask = 2147483647;
			files = (
				D3DBEC7523E98180003EBFDC /* LaunchScreen.storyboard in Resources */,
				D3DBEC7223E98180003EBFDC /* Assets.xcassets in Resources */,
				D3DBEC7023E98180003EBFDC /* Main.storyboard in Resources */,
			);
			runOnlyForDeploymentPostprocessing = 0;
		};
		D3DBEC7923E98180003EBFDC /* Resources */ = {
			isa = PBXResourcesBuildPhase;
			buildActionMask = 2147483647;
			files = (
			);
			runOnlyForDeploymentPostprocessing = 0;
		};
		D3DBEC8423E98180003EBFDC /* Resources */ = {
			isa = PBXResourcesBuildPhase;
			buildActionMask = 2147483647;
			files = (
			);
			runOnlyForDeploymentPostprocessing = 0;
		};
/* End PBXResourcesBuildPhase section */

/* Begin PBXShellScriptBuildPhase section */
		4EE0EDEA9651C6F9D383AA19 /* [CP] Check Pods Manifest.lock */ = {
			isa = PBXShellScriptBuildPhase;
			buildActionMask = 2147483647;
			files = (
			);
			inputFileListPaths = (
			);
			inputPaths = (
				"${PODS_PODFILE_DIR_PATH}/Podfile.lock",
				"${PODS_ROOT}/Manifest.lock",
			);
			name = "[CP] Check Pods Manifest.lock";
			outputFileListPaths = (
			);
			outputPaths = (
				"$(DERIVED_FILE_DIR)/Pods-Tech ReadsTests-checkManifestLockResult.txt",
			);
			runOnlyForDeploymentPostprocessing = 0;
			shellPath = /bin/sh;
			shellScript = "diff \"${PODS_PODFILE_DIR_PATH}/Podfile.lock\" \"${PODS_ROOT}/Manifest.lock\" > /dev/null\nif [ $? != 0 ] ; then\n    # print error to STDERR\n    echo \"error: The sandbox is not in sync with the Podfile.lock. Run 'pod install' or update your CocoaPods installation.\" >&2\n    exit 1\nfi\n# This output is used by Xcode 'outputs' to avoid re-running this script phase.\necho \"SUCCESS\" > \"${SCRIPT_OUTPUT_FILE_0}\"\n";
			showEnvVarsInLog = 0;
		};
		A969EC1108D2265D270B9BCF /* [CP] Check Pods Manifest.lock */ = {
			isa = PBXShellScriptBuildPhase;
			buildActionMask = 2147483647;
			files = (
			);
			inputFileListPaths = (
			);
			inputPaths = (
				"${PODS_PODFILE_DIR_PATH}/Podfile.lock",
				"${PODS_ROOT}/Manifest.lock",
			);
			name = "[CP] Check Pods Manifest.lock";
			outputFileListPaths = (
			);
			outputPaths = (
				"$(DERIVED_FILE_DIR)/Pods-Tech Reads-checkManifestLockResult.txt",
			);
			runOnlyForDeploymentPostprocessing = 0;
			shellPath = /bin/sh;
			shellScript = "diff \"${PODS_PODFILE_DIR_PATH}/Podfile.lock\" \"${PODS_ROOT}/Manifest.lock\" > /dev/null\nif [ $? != 0 ] ; then\n    # print error to STDERR\n    echo \"error: The sandbox is not in sync with the Podfile.lock. Run 'pod install' or update your CocoaPods installation.\" >&2\n    exit 1\nfi\n# This output is used by Xcode 'outputs' to avoid re-running this script phase.\necho \"SUCCESS\" > \"${SCRIPT_OUTPUT_FILE_0}\"\n";
			showEnvVarsInLog = 0;
		};
		D32661F223F2C145005EB5EF /* ShellScript */ = {
			isa = PBXShellScriptBuildPhase;
			buildActionMask = 2147483647;
			files = (
			);
			inputFileListPaths = (
			);
			inputPaths = (
			);
			outputFileListPaths = (
			);
			outputPaths = (
			);
			runOnlyForDeploymentPostprocessing = 0;
			shellPath = /bin/sh;
			shellScript = "if which swiftlint >/dev/null; then\n  swiftlint\nelse\n  echo \"warning: SwiftLint not installed, download from https://github.com/realm/SwiftLint\"\nfi\n";
		};
		D4C3B47D657E009AD80E4D18 /* [CP] Embed Pods Frameworks */ = {
			isa = PBXShellScriptBuildPhase;
			buildActionMask = 2147483647;
			files = (
			);
			inputFileListPaths = (
				"${PODS_ROOT}/Target Support Files/Pods-Tech Reads-Tech ReadsUITests/Pods-Tech Reads-Tech ReadsUITests-frameworks-${CONFIGURATION}-input-files.xcfilelist",
			);
			name = "[CP] Embed Pods Frameworks";
			outputFileListPaths = (
				"${PODS_ROOT}/Target Support Files/Pods-Tech Reads-Tech ReadsUITests/Pods-Tech Reads-Tech ReadsUITests-frameworks-${CONFIGURATION}-output-files.xcfilelist",
			);
			runOnlyForDeploymentPostprocessing = 0;
			shellPath = /bin/sh;
			shellScript = "\"${PODS_ROOT}/Target Support Files/Pods-Tech Reads-Tech ReadsUITests/Pods-Tech Reads-Tech ReadsUITests-frameworks.sh\"\n";
			showEnvVarsInLog = 0;
		};
		E612DDF6052A9CCD7402FD46 /* [CP] Embed Pods Frameworks */ = {
			isa = PBXShellScriptBuildPhase;
			buildActionMask = 2147483647;
			files = (
			);
			inputFileListPaths = (
				"${PODS_ROOT}/Target Support Files/Pods-Tech Reads/Pods-Tech Reads-frameworks-${CONFIGURATION}-input-files.xcfilelist",
			);
			name = "[CP] Embed Pods Frameworks";
			outputFileListPaths = (
				"${PODS_ROOT}/Target Support Files/Pods-Tech Reads/Pods-Tech Reads-frameworks-${CONFIGURATION}-output-files.xcfilelist",
			);
			runOnlyForDeploymentPostprocessing = 0;
			shellPath = /bin/sh;
			shellScript = "\"${PODS_ROOT}/Target Support Files/Pods-Tech Reads/Pods-Tech Reads-frameworks.sh\"\n";
			showEnvVarsInLog = 0;
		};
		EC33B133624D53472871A4FE /* [CP] Check Pods Manifest.lock */ = {
			isa = PBXShellScriptBuildPhase;
			buildActionMask = 2147483647;
			files = (
			);
			inputFileListPaths = (
			);
			inputPaths = (
				"${PODS_PODFILE_DIR_PATH}/Podfile.lock",
				"${PODS_ROOT}/Manifest.lock",
			);
			name = "[CP] Check Pods Manifest.lock";
			outputFileListPaths = (
			);
			outputPaths = (
				"$(DERIVED_FILE_DIR)/Pods-Tech Reads-Tech ReadsUITests-checkManifestLockResult.txt",
			);
			runOnlyForDeploymentPostprocessing = 0;
			shellPath = /bin/sh;
			shellScript = "diff \"${PODS_PODFILE_DIR_PATH}/Podfile.lock\" \"${PODS_ROOT}/Manifest.lock\" > /dev/null\nif [ $? != 0 ] ; then\n    # print error to STDERR\n    echo \"error: The sandbox is not in sync with the Podfile.lock. Run 'pod install' or update your CocoaPods installation.\" >&2\n    exit 1\nfi\n# This output is used by Xcode 'outputs' to avoid re-running this script phase.\necho \"SUCCESS\" > \"${SCRIPT_OUTPUT_FILE_0}\"\n";
			showEnvVarsInLog = 0;
		};
/* End PBXShellScriptBuildPhase section */

/* Begin PBXSourcesBuildPhase section */
		D3DBEC6123E98180003EBFDC /* Sources */ = {
			isa = PBXSourcesBuildPhase;
			buildActionMask = 2147483647;
			files = (
				D368A43E23EBF80E0090A80F /* UserPreferences.swift in Sources */,
				D3DBEC6D23E98180003EBFDC /* ViewController.swift in Sources */,
				D368A44023EC363D0090A80F /* GeneralTechReview.swift in Sources */,
				D33999B523FBC33A009E1811 /* SearchResultsTable.swift in Sources */,
				D3DBEC6923E98180003EBFDC /* AppDelegate.swift in Sources */,
				D368A43823EBF5130090A80F /* GameReviewController.swift in Sources */,
				D368A43A23EBF6730090A80F /* GameSearchView.swift in Sources */,
				D3DBEC6B23E98180003EBFDC /* SceneDelegate.swift in Sources */,
			);
			runOnlyForDeploymentPostprocessing = 0;
		};
		D3DBEC7723E98180003EBFDC /* Sources */ = {
			isa = PBXSourcesBuildPhase;
			buildActionMask = 2147483647;
			files = (
				D3DBEC8023E98180003EBFDC /* Tech_ReadsTests.swift in Sources */,
			);
			runOnlyForDeploymentPostprocessing = 0;
		};
		D3DBEC8223E98180003EBFDC /* Sources */ = {
			isa = PBXSourcesBuildPhase;
			buildActionMask = 2147483647;
			files = (
				D3DBEC8B23E98180003EBFDC /* Tech_ReadsUITests.swift in Sources */,
			);
			runOnlyForDeploymentPostprocessing = 0;
		};
/* End PBXSourcesBuildPhase section */

/* Begin PBXTargetDependency section */
		D3DBEC7D23E98180003EBFDC /* PBXTargetDependency */ = {
			isa = PBXTargetDependency;
			target = D3DBEC6423E98180003EBFDC /* Tech Reads */;
			targetProxy = D3DBEC7C23E98180003EBFDC /* PBXContainerItemProxy */;
		};
		D3DBEC8823E98180003EBFDC /* PBXTargetDependency */ = {
			isa = PBXTargetDependency;
			target = D3DBEC6423E98180003EBFDC /* Tech Reads */;
			targetProxy = D3DBEC8723E98180003EBFDC /* PBXContainerItemProxy */;
		};
/* End PBXTargetDependency section */

/* Begin PBXVariantGroup section */
		D3DBEC6E23E98180003EBFDC /* Main.storyboard */ = {
			isa = PBXVariantGroup;
			children = (
				D3DBEC6F23E98180003EBFDC /* Base */,
			);
			name = Main.storyboard;
			sourceTree = "<group>";
		};
		D3DBEC7323E98180003EBFDC /* LaunchScreen.storyboard */ = {
			isa = PBXVariantGroup;
			children = (
				D3DBEC7423E98180003EBFDC /* Base */,
			);
			name = LaunchScreen.storyboard;
			sourceTree = "<group>";
		};
/* End PBXVariantGroup section */

/* Begin XCBuildConfiguration section */
		D3DBEC8D23E98180003EBFDC /* Debug */ = {
			isa = XCBuildConfiguration;
			buildSettings = {
				ALWAYS_SEARCH_USER_PATHS = NO;
				CLANG_ANALYZER_NONNULL = YES;
				CLANG_ANALYZER_NUMBER_OBJECT_CONVERSION = YES_AGGRESSIVE;
				CLANG_CXX_LANGUAGE_STANDARD = "gnu++14";
				CLANG_CXX_LIBRARY = "libc++";
				CLANG_ENABLE_MODULES = YES;
				CLANG_ENABLE_OBJC_ARC = YES;
				CLANG_ENABLE_OBJC_WEAK = YES;
				CLANG_WARN_BLOCK_CAPTURE_AUTORELEASING = YES;
				CLANG_WARN_BOOL_CONVERSION = YES;
				CLANG_WARN_COMMA = YES;
				CLANG_WARN_CONSTANT_CONVERSION = YES;
				CLANG_WARN_DEPRECATED_OBJC_IMPLEMENTATIONS = YES;
				CLANG_WARN_DIRECT_OBJC_ISA_USAGE = YES_ERROR;
				CLANG_WARN_DOCUMENTATION_COMMENTS = YES;
				CLANG_WARN_EMPTY_BODY = YES;
				CLANG_WARN_ENUM_CONVERSION = YES;
				CLANG_WARN_INFINITE_RECURSION = YES;
				CLANG_WARN_INT_CONVERSION = YES;
				CLANG_WARN_NON_LITERAL_NULL_CONVERSION = YES;
				CLANG_WARN_OBJC_IMPLICIT_RETAIN_SELF = YES;
				CLANG_WARN_OBJC_LITERAL_CONVERSION = YES;
				CLANG_WARN_OBJC_ROOT_CLASS = YES_ERROR;
				CLANG_WARN_RANGE_LOOP_ANALYSIS = YES;
				CLANG_WARN_STRICT_PROTOTYPES = YES;
				CLANG_WARN_SUSPICIOUS_MOVE = YES;
				CLANG_WARN_UNGUARDED_AVAILABILITY = YES_AGGRESSIVE;
				CLANG_WARN_UNREACHABLE_CODE = YES;
				CLANG_WARN__DUPLICATE_METHOD_MATCH = YES;
				COPY_PHASE_STRIP = NO;
				DEBUG_INFORMATION_FORMAT = dwarf;
				ENABLE_STRICT_OBJC_MSGSEND = YES;
				ENABLE_TESTABILITY = YES;
				GCC_C_LANGUAGE_STANDARD = gnu11;
				GCC_DYNAMIC_NO_PIC = NO;
				GCC_NO_COMMON_BLOCKS = YES;
				GCC_OPTIMIZATION_LEVEL = 0;
				GCC_PREPROCESSOR_DEFINITIONS = (
					"DEBUG=1",
					"$(inherited)",
				);
				GCC_WARN_64_TO_32_BIT_CONVERSION = YES;
				GCC_WARN_ABOUT_RETURN_TYPE = YES_ERROR;
				GCC_WARN_UNDECLARED_SELECTOR = YES;
				GCC_WARN_UNINITIALIZED_AUTOS = YES_AGGRESSIVE;
				GCC_WARN_UNUSED_FUNCTION = YES;
				GCC_WARN_UNUSED_VARIABLE = YES;
				IPHONEOS_DEPLOYMENT_TARGET = 13.2;
				MTL_ENABLE_DEBUG_INFO = INCLUDE_SOURCE;
				MTL_FAST_MATH = YES;
				ONLY_ACTIVE_ARCH = YES;
				SDKROOT = iphoneos;
				SWIFT_ACTIVE_COMPILATION_CONDITIONS = DEBUG;
				SWIFT_OPTIMIZATION_LEVEL = "-Onone";
			};
			name = Debug;
		};
		D3DBEC8E23E98180003EBFDC /* Release */ = {
			isa = XCBuildConfiguration;
			buildSettings = {
				ALWAYS_SEARCH_USER_PATHS = NO;
				CLANG_ANALYZER_NONNULL = YES;
				CLANG_ANALYZER_NUMBER_OBJECT_CONVERSION = YES_AGGRESSIVE;
				CLANG_CXX_LANGUAGE_STANDARD = "gnu++14";
				CLANG_CXX_LIBRARY = "libc++";
				CLANG_ENABLE_MODULES = YES;
				CLANG_ENABLE_OBJC_ARC = YES;
				CLANG_ENABLE_OBJC_WEAK = YES;
				CLANG_WARN_BLOCK_CAPTURE_AUTORELEASING = YES;
				CLANG_WARN_BOOL_CONVERSION = YES;
				CLANG_WARN_COMMA = YES;
				CLANG_WARN_CONSTANT_CONVERSION = YES;
				CLANG_WARN_DEPRECATED_OBJC_IMPLEMENTATIONS = YES;
				CLANG_WARN_DIRECT_OBJC_ISA_USAGE = YES_ERROR;
				CLANG_WARN_DOCUMENTATION_COMMENTS = YES;
				CLANG_WARN_EMPTY_BODY = YES;
				CLANG_WARN_ENUM_CONVERSION = YES;
				CLANG_WARN_INFINITE_RECURSION = YES;
				CLANG_WARN_INT_CONVERSION = YES;
				CLANG_WARN_NON_LITERAL_NULL_CONVERSION = YES;
				CLANG_WARN_OBJC_IMPLICIT_RETAIN_SELF = YES;
				CLANG_WARN_OBJC_LITERAL_CONVERSION = YES;
				CLANG_WARN_OBJC_ROOT_CLASS = YES_ERROR;
				CLANG_WARN_RANGE_LOOP_ANALYSIS = YES;
				CLANG_WARN_STRICT_PROTOTYPES = YES;
				CLANG_WARN_SUSPICIOUS_MOVE = YES;
				CLANG_WARN_UNGUARDED_AVAILABILITY = YES_AGGRESSIVE;
				CLANG_WARN_UNREACHABLE_CODE = YES;
				CLANG_WARN__DUPLICATE_METHOD_MATCH = YES;
				COPY_PHASE_STRIP = NO;
				DEBUG_INFORMATION_FORMAT = "dwarf-with-dsym";
				ENABLE_NS_ASSERTIONS = NO;
				ENABLE_STRICT_OBJC_MSGSEND = YES;
				GCC_C_LANGUAGE_STANDARD = gnu11;
				GCC_NO_COMMON_BLOCKS = YES;
				GCC_WARN_64_TO_32_BIT_CONVERSION = YES;
				GCC_WARN_ABOUT_RETURN_TYPE = YES_ERROR;
				GCC_WARN_UNDECLARED_SELECTOR = YES;
				GCC_WARN_UNINITIALIZED_AUTOS = YES_AGGRESSIVE;
				GCC_WARN_UNUSED_FUNCTION = YES;
				GCC_WARN_UNUSED_VARIABLE = YES;
				IPHONEOS_DEPLOYMENT_TARGET = 13.2;
				MTL_ENABLE_DEBUG_INFO = NO;
				MTL_FAST_MATH = YES;
				SDKROOT = iphoneos;
				SWIFT_COMPILATION_MODE = wholemodule;
				SWIFT_OPTIMIZATION_LEVEL = "-O";
				VALIDATE_PRODUCT = YES;
			};
			name = Release;
		};
		D3DBEC9023E98180003EBFDC /* Debug */ = {
			isa = XCBuildConfiguration;
			baseConfigurationReference = 90169D3834167B0AABC731AF /* Pods-Tech Reads.debug.xcconfig */;
			buildSettings = {
				ASSETCATALOG_COMPILER_APPICON_NAME = AppIcon;
				CODE_SIGN_STYLE = Automatic;
				INFOPLIST_FILE = "Tech Reads/Info.plist";
				LD_RUNPATH_SEARCH_PATHS = (
					"$(inherited)",
					"@executable_path/Frameworks",
				);
				PRODUCT_BUNDLE_IDENTIFIER = "za.co.dvt.Tech-Reads";
				PRODUCT_NAME = "$(TARGET_NAME)";
				SWIFT_VERSION = 5.0;
				TARGETED_DEVICE_FAMILY = "1,2";
			};
			name = Debug;
		};
		D3DBEC9123E98180003EBFDC /* Release */ = {
			isa = XCBuildConfiguration;
			baseConfigurationReference = A3E767095EB5736F06AE1B1D /* Pods-Tech Reads.release.xcconfig */;
			buildSettings = {
				ASSETCATALOG_COMPILER_APPICON_NAME = AppIcon;
				CODE_SIGN_STYLE = Automatic;
				INFOPLIST_FILE = "Tech Reads/Info.plist";
				LD_RUNPATH_SEARCH_PATHS = (
					"$(inherited)",
					"@executable_path/Frameworks",
				);
				PRODUCT_BUNDLE_IDENTIFIER = "za.co.dvt.Tech-Reads";
				PRODUCT_NAME = "$(TARGET_NAME)";
				SWIFT_VERSION = 5.0;
				TARGETED_DEVICE_FAMILY = "1,2";
			};
			name = Release;
		};
		D3DBEC9323E98180003EBFDC /* Debug */ = {
			isa = XCBuildConfiguration;
			baseConfigurationReference = BC6499D66B3D98A727D3854B /* Pods-Tech ReadsTests.debug.xcconfig */;
			buildSettings = {
				ALWAYS_EMBED_SWIFT_STANDARD_LIBRARIES = YES;
				BUNDLE_LOADER = "$(TEST_HOST)";
				CODE_SIGN_STYLE = Automatic;
				INFOPLIST_FILE = "Tech ReadsTests/Info.plist";
				IPHONEOS_DEPLOYMENT_TARGET = 13.2;
				LD_RUNPATH_SEARCH_PATHS = (
					"$(inherited)",
					"@executable_path/Frameworks",
					"@loader_path/Frameworks",
				);
				PRODUCT_BUNDLE_IDENTIFIER = "za.co.dvt.Tech-ReadsTests";
				PRODUCT_NAME = "$(TARGET_NAME)";
				SWIFT_VERSION = 5.0;
				TARGETED_DEVICE_FAMILY = "1,2";
				TEST_HOST = "$(BUILT_PRODUCTS_DIR)/Tech Reads.app/Tech Reads";
			};
			name = Debug;
		};
		D3DBEC9423E98180003EBFDC /* Release */ = {
			isa = XCBuildConfiguration;
			baseConfigurationReference = 6AF28F4281AAA508225E3623 /* Pods-Tech ReadsTests.release.xcconfig */;
			buildSettings = {
				ALWAYS_EMBED_SWIFT_STANDARD_LIBRARIES = YES;
				BUNDLE_LOADER = "$(TEST_HOST)";
				CODE_SIGN_STYLE = Automatic;
				INFOPLIST_FILE = "Tech ReadsTests/Info.plist";
				IPHONEOS_DEPLOYMENT_TARGET = 13.2;
				LD_RUNPATH_SEARCH_PATHS = (
					"$(inherited)",
					"@executable_path/Frameworks",
					"@loader_path/Frameworks",
				);
				PRODUCT_BUNDLE_IDENTIFIER = "za.co.dvt.Tech-ReadsTests";
				PRODUCT_NAME = "$(TARGET_NAME)";
				SWIFT_VERSION = 5.0;
				TARGETED_DEVICE_FAMILY = "1,2";
				TEST_HOST = "$(BUILT_PRODUCTS_DIR)/Tech Reads.app/Tech Reads";
			};
			name = Release;
		};
		D3DBEC9623E98180003EBFDC /* Debug */ = {
			isa = XCBuildConfiguration;
			baseConfigurationReference = 543C3844C8FAAC21ECD84410 /* Pods-Tech Reads-Tech ReadsUITests.debug.xcconfig */;
			buildSettings = {
				ALWAYS_EMBED_SWIFT_STANDARD_LIBRARIES = YES;
				CODE_SIGN_STYLE = Automatic;
				INFOPLIST_FILE = "Tech ReadsUITests/Info.plist";
				LD_RUNPATH_SEARCH_PATHS = (
					"$(inherited)",
					"@executable_path/Frameworks",
					"@loader_path/Frameworks",
				);
				PRODUCT_BUNDLE_IDENTIFIER = "za.co.dvt.Tech-ReadsUITests";
				PRODUCT_NAME = "$(TARGET_NAME)";
				SWIFT_VERSION = 5.0;
				TARGETED_DEVICE_FAMILY = "1,2";
				TEST_TARGET_NAME = "Tech Reads";
			};
			name = Debug;
		};
		D3DBEC9723E98180003EBFDC /* Release */ = {
			isa = XCBuildConfiguration;
			baseConfigurationReference = CDC363FED747F61BD5D64371 /* Pods-Tech Reads-Tech ReadsUITests.release.xcconfig */;
			buildSettings = {
				ALWAYS_EMBED_SWIFT_STANDARD_LIBRARIES = YES;
				CODE_SIGN_STYLE = Automatic;
				INFOPLIST_FILE = "Tech ReadsUITests/Info.plist";
				LD_RUNPATH_SEARCH_PATHS = (
					"$(inherited)",
					"@executable_path/Frameworks",
					"@loader_path/Frameworks",
				);
				PRODUCT_BUNDLE_IDENTIFIER = "za.co.dvt.Tech-ReadsUITests";
				PRODUCT_NAME = "$(TARGET_NAME)";
				SWIFT_VERSION = 5.0;
				TARGETED_DEVICE_FAMILY = "1,2";
				TEST_TARGET_NAME = "Tech Reads";
			};
			name = Release;
		};
/* End XCBuildConfiguration section */

/* Begin XCConfigurationList section */
		D3DBEC6023E98180003EBFDC /* Build configuration list for PBXProject "Tech Reads" */ = {
			isa = XCConfigurationList;
			buildConfigurations = (
				D3DBEC8D23E98180003EBFDC /* Debug */,
				D3DBEC8E23E98180003EBFDC /* Release */,
			);
			defaultConfigurationIsVisible = 0;
			defaultConfigurationName = Release;
		};
		D3DBEC8F23E98180003EBFDC /* Build configuration list for PBXNativeTarget "Tech Reads" */ = {
			isa = XCConfigurationList;
			buildConfigurations = (
				D3DBEC9023E98180003EBFDC /* Debug */,
				D3DBEC9123E98180003EBFDC /* Release */,
			);
			defaultConfigurationIsVisible = 0;
			defaultConfigurationName = Release;
		};
		D3DBEC9223E98180003EBFDC /* Build configuration list for PBXNativeTarget "Tech ReadsTests" */ = {
			isa = XCConfigurationList;
			buildConfigurations = (
				D3DBEC9323E98180003EBFDC /* Debug */,
				D3DBEC9423E98180003EBFDC /* Release */,
			);
			defaultConfigurationIsVisible = 0;
			defaultConfigurationName = Release;
		};
		D3DBEC9523E98180003EBFDC /* Build configuration list for PBXNativeTarget "Tech ReadsUITests" */ = {
			isa = XCConfigurationList;
			buildConfigurations = (
				D3DBEC9623E98180003EBFDC /* Debug */,
				D3DBEC9723E98180003EBFDC /* Release */,
			);
			defaultConfigurationIsVisible = 0;
			defaultConfigurationName = Release;
		};
/* End XCConfigurationList section */
	};
	rootObject = D3DBEC5D23E98180003EBFDC /* Project object */;
}
