// !$*UTF8*$!
{
	archiveVersion = 1;
	classes = {
	};
	objectVersion = 50;
	objects = {

/* Begin PBXBuildFile section */
		6023F593BCC4ACFAA4B54462 /* libPods-Tech Reads.a in Frameworks */ = {isa = PBXBuildFile; fileRef = FCCFA53FFB247CCA01D9BB80 /* libPods-Tech Reads.a */; };
		837723F7E4CE178636498039 /* libPods-Tech Reads-Tech ReadsUITests.a in Frameworks */ = {isa = PBXBuildFile; fileRef = 5E91CEAD34773B0AA868B7DC /* libPods-Tech Reads-Tech ReadsUITests.a */; };
		BD9793D201E248A2A9421619 /* libPods-TopHeadlinesWatchApp.a in Frameworks */ = {isa = PBXBuildFile; fileRef = 566D52E69A0F2EE58409EB6B /* libPods-TopHeadlinesWatchApp.a */; };
		D32801CA24499F9F00E1DEF1 /* TechNewsPresenter.swift in Sources */ = {isa = PBXBuildFile; fileRef = D32801C924499F9F00E1DEF1 /* TechNewsPresenter.swift */; };
		D328BECF245957D300AACC4C /* NewsAPICodeTest.swift in Sources */ = {isa = PBXBuildFile; fileRef = D328BECE245957D300AACC4C /* NewsAPICodeTest.swift */; };
		D32A8534245808C5007BAB55 /* UIModifications.swift in Sources */ = {isa = PBXBuildFile; fileRef = D32A8533245808C5007BAB55 /* UIModifications.swift */; };
		D32D0699242C8CA6002A8647 /* PreferenceUtilitiesView.m in Sources */ = {isa = PBXBuildFile; fileRef = D32D0698242C8CA6002A8647 /* PreferenceUtilitiesView.m */; };
		D33999B523FBC33A009E1811 /* SearchResultsTable.swift in Sources */ = {isa = PBXBuildFile; fileRef = D33999B423FBC33A009E1811 /* SearchResultsTable.swift */; };
		D3486D0C2459655300087796 /* NewsList.json in Resources */ = {isa = PBXBuildFile; fileRef = D3486D0B2459655300087796 /* NewsList.json */; };
		D3486D0D2459655300087796 /* NewsList.json in Resources */ = {isa = PBXBuildFile; fileRef = D3486D0B2459655300087796 /* NewsList.json */; };
		D3486D0E2459655300087796 /* NewsList.json in Resources */ = {isa = PBXBuildFile; fileRef = D3486D0B2459655300087796 /* NewsList.json */; };
		D3486D1024598C5C00087796 /* CustomNewsList.json in Resources */ = {isa = PBXBuildFile; fileRef = D3486D0F24598C5C00087796 /* CustomNewsList.json */; };
		D3486D1124598C5C00087796 /* CustomNewsList.json in Resources */ = {isa = PBXBuildFile; fileRef = D3486D0F24598C5C00087796 /* CustomNewsList.json */; };
		D3486D1224598C5C00087796 /* CustomNewsList.json in Resources */ = {isa = PBXBuildFile; fileRef = D3486D0F24598C5C00087796 /* CustomNewsList.json */; };
		D3486D142459963700087796 /* GameAPICodeTest.swift in Sources */ = {isa = PBXBuildFile; fileRef = D3486D132459963700087796 /* GameAPICodeTest.swift */; };
		D3486D172459991400087796 /* GameList.json in Resources */ = {isa = PBXBuildFile; fileRef = D3486D152459991400087796 /* GameList.json */; };
		D3486D182459991400087796 /* GameList.json in Resources */ = {isa = PBXBuildFile; fileRef = D3486D152459991400087796 /* GameList.json */; };
		D3486D192459991400087796 /* GameList.json in Resources */ = {isa = PBXBuildFile; fileRef = D3486D152459991400087796 /* GameList.json */; };
		D3486D1A2459991400087796 /* GameInfo.json in Resources */ = {isa = PBXBuildFile; fileRef = D3486D162459991400087796 /* GameInfo.json */; };
		D3486D1B2459991400087796 /* GameInfo.json in Resources */ = {isa = PBXBuildFile; fileRef = D3486D162459991400087796 /* GameInfo.json */; };
		D3486D1C2459991400087796 /* GameInfo.json in Resources */ = {isa = PBXBuildFile; fileRef = D3486D162459991400087796 /* GameInfo.json */; };
		D3486D1E2459A46F00087796 /* URLPathTesting.swift in Sources */ = {isa = PBXBuildFile; fileRef = D3486D1D2459A46F00087796 /* URLPathTesting.swift */; };
		D3522B482451DCEC009405AE /* Interface.storyboard in Resources */ = {isa = PBXBuildFile; fileRef = D3522B462451DCEC009405AE /* Interface.storyboard */; };
		D3522B4A2451DCED009405AE /* Assets.xcassets in Resources */ = {isa = PBXBuildFile; fileRef = D3522B492451DCED009405AE /* Assets.xcassets */; };
		D3522B512451DCED009405AE /* TopHeadlinesWatchApp Extension.appex in Embed App Extensions */ = {isa = PBXBuildFile; fileRef = D3522B502451DCED009405AE /* TopHeadlinesWatchApp Extension.appex */; settings = {ATTRIBUTES = (RemoveHeadersOnCopy, ); }; };
		D3522B562451DCED009405AE /* InterfaceController.swift in Sources */ = {isa = PBXBuildFile; fileRef = D3522B552451DCED009405AE /* InterfaceController.swift */; };
		D3522B582451DCED009405AE /* ExtensionDelegate.swift in Sources */ = {isa = PBXBuildFile; fileRef = D3522B572451DCED009405AE /* ExtensionDelegate.swift */; };
		D3522B5C2451DCEE009405AE /* Assets.xcassets in Resources */ = {isa = PBXBuildFile; fileRef = D3522B5B2451DCEE009405AE /* Assets.xcassets */; };
		D3522B612451DCEE009405AE /* TopHeadlinesWatchApp.app in Embed Watch Content */ = {isa = PBXBuildFile; fileRef = D3522B442451DCEC009405AE /* TopHeadlinesWatchApp.app */; settings = {ATTRIBUTES = (RemoveHeadersOnCopy, ); }; };
		D357DB522454622A00E9466A /* ViewControllerExtention.swift in Sources */ = {isa = PBXBuildFile; fileRef = D357DB512454622A00E9466A /* ViewControllerExtention.swift */; };
		D368A43823EBF5130090A80F /* GameReviewController.swift in Sources */ = {isa = PBXBuildFile; fileRef = D368A43723EBF5130090A80F /* GameReviewController.swift */; };
		D368A43A23EBF6730090A80F /* GameSearchView.swift in Sources */ = {isa = PBXBuildFile; fileRef = D368A43923EBF6730090A80F /* GameSearchView.swift */; };
		D368A44023EC363D0090A80F /* GeneralTechReview.swift in Sources */ = {isa = PBXBuildFile; fileRef = D368A43F23EC363D0090A80F /* GeneralTechReview.swift */; };
		D37725D8244F30DB00510A35 /* UIImageExtention.swift in Sources */ = {isa = PBXBuildFile; fileRef = D37725D7244F30DB00510A35 /* UIImageExtention.swift */; };
		D37725DA244F318000510A35 /* GameReviewPresenter.swift in Sources */ = {isa = PBXBuildFile; fileRef = D37725D9244F318000510A35 /* GameReviewPresenter.swift */; };
		D37E6937242CF68000391989 /* TextProcessingtests.swift in Sources */ = {isa = PBXBuildFile; fileRef = D37E6936242CF68000391989 /* TextProcessingtests.swift */; };
		D380778024501AF400716FB6 /* GameResultsPresenterView.swift in Sources */ = {isa = PBXBuildFile; fileRef = D380777F24501AF400716FB6 /* GameResultsPresenterView.swift */; };
		D380778224501B0600716FB6 /* GameResultPresenter.swift in Sources */ = {isa = PBXBuildFile; fileRef = D380778124501B0600716FB6 /* GameResultPresenter.swift */; };
		D38077872450893B00716FB6 /* TechReads.xcdatamodeld in Sources */ = {isa = PBXBuildFile; fileRef = D38077852450893B00716FB6 /* TechReads.xcdatamodeld */; };
		D380778924508BC400716FB6 /* PreferenceRepository.swift in Sources */ = {isa = PBXBuildFile; fileRef = D380778824508BC400716FB6 /* PreferenceRepository.swift */; };
		D3866AA7244D8037004FC01D /* WebView.swift in Sources */ = {isa = PBXBuildFile; fileRef = D3866AA6244D8037004FC01D /* WebView.swift */; };
		D3866AAD244DCB23004FC01D /* Segues.swift in Sources */ = {isa = PBXBuildFile; fileRef = D3866AAC244DCB23004FC01D /* Segues.swift */; };
		D3866AAF244DCDEA004FC01D /* TechPresenterView.swift in Sources */ = {isa = PBXBuildFile; fileRef = D3866AAE244DCDEA004FC01D /* TechPresenterView.swift */; };
		D3866AB1244DCE27004FC01D /* TechResultsPresenterView.swift in Sources */ = {isa = PBXBuildFile; fileRef = D3866AB0244DCE27004FC01D /* TechResultsPresenterView.swift */; };
		D387254C2455A72E00DDE766 /* SnapshotHelper.swift in Sources */ = {isa = PBXBuildFile; fileRef = D387254B2455A72E00DDE766 /* SnapshotHelper.swift */; };
		D396EBA3244B265D007DB5B5 /* TechResultsTableView.swift in Sources */ = {isa = PBXBuildFile; fileRef = D396EBA2244B265D007DB5B5 /* TechResultsTableView.swift */; };
		D396EBA9244B2B5E007DB5B5 /* TechResultsPresenter.swift in Sources */ = {isa = PBXBuildFile; fileRef = D396EBA8244B2B5E007DB5B5 /* TechResultsPresenter.swift */; };
		D39986F1242E082E00A08717 /* GoogleService-Info.plist in Resources */ = {isa = PBXBuildFile; fileRef = D39986F0242E082E00A08717 /* GoogleService-Info.plist */; };
		D39986F2242E082E00A08717 /* GoogleService-Info.plist in Resources */ = {isa = PBXBuildFile; fileRef = D39986F0242E082E00A08717 /* GoogleService-Info.plist */; };
		D39986F3242E082E00A08717 /* GoogleService-Info.plist in Resources */ = {isa = PBXBuildFile; fileRef = D39986F0242E082E00A08717 /* GoogleService-Info.plist */; };
		D3A6CE172438CB2E00B96DE1 /* SaveUtilityPresenter.swift in Sources */ = {isa = PBXBuildFile; fileRef = D3A6CE162438CB2E00B96DE1 /* SaveUtilityPresenter.swift */; };
		D3C1EA9C2432379C007AFFDD /* SaveLoadTest.swift in Sources */ = {isa = PBXBuildFile; fileRef = D3C1EA9B2432379C007AFFDD /* SaveLoadTest.swift */; };
		D3D89CC624530D1800263A32 /* ImageExtention.swift in Sources */ = {isa = PBXBuildFile; fileRef = D3D89CC524530D1800263A32 /* ImageExtention.swift */; };
		D3DBEC6923E98180003EBFDC /* AppDelegate.swift in Sources */ = {isa = PBXBuildFile; fileRef = D3DBEC6823E98180003EBFDC /* AppDelegate.swift */; };
		D3DBEC6B23E98180003EBFDC /* SceneDelegate.swift in Sources */ = {isa = PBXBuildFile; fileRef = D3DBEC6A23E98180003EBFDC /* SceneDelegate.swift */; };
		D3DBEC6D23E98180003EBFDC /* ViewController.swift in Sources */ = {isa = PBXBuildFile; fileRef = D3DBEC6C23E98180003EBFDC /* ViewController.swift */; };
		D3DBEC7023E98180003EBFDC /* Main.storyboard in Resources */ = {isa = PBXBuildFile; fileRef = D3DBEC6E23E98180003EBFDC /* Main.storyboard */; };
		D3DBEC7223E98180003EBFDC /* Assets.xcassets in Resources */ = {isa = PBXBuildFile; fileRef = D3DBEC7123E98180003EBFDC /* Assets.xcassets */; };
		D3DBEC7523E98180003EBFDC /* LaunchScreen.storyboard in Resources */ = {isa = PBXBuildFile; fileRef = D3DBEC7323E98180003EBFDC /* LaunchScreen.storyboard */; };
		D3DBEC8B23E98180003EBFDC /* Tech_ReadsUITests.swift in Sources */ = {isa = PBXBuildFile; fileRef = D3DBEC8A23E98180003EBFDC /* Tech_ReadsUITests.swift */; };
		D3DDB5DA245703C7001C31D6 /* ColorExtention.swift in Sources */ = {isa = PBXBuildFile; fileRef = D3DDB5D9245703C7001C31D6 /* ColorExtention.swift */; };
		D9F4746E0FB875B616D8B90F /* libPods-TopHeadlinesWatchApp Extension.a in Frameworks */ = {isa = PBXBuildFile; fileRef = 9548A26DFA62FC69421506F5 /* libPods-TopHeadlinesWatchApp Extension.a */; };
		F97CF27245C99173F430276F /* libPods-Tech ReadsTests.a in Frameworks */ = {isa = PBXBuildFile; fileRef = EE2CD8946A08675615400E30 /* libPods-Tech ReadsTests.a */; };
/* End PBXBuildFile section */

/* Begin PBXContainerItemProxy section */
		D3522B522451DCED009405AE /* PBXContainerItemProxy */ = {
			isa = PBXContainerItemProxy;
			containerPortal = D3DBEC5D23E98180003EBFDC /* Project object */;
			proxyType = 1;
			remoteGlobalIDString = D3522B4F2451DCED009405AE;
			remoteInfo = "TopHeadlinesWatchApp Extension";
		};
		D3522B5F2451DCEE009405AE /* PBXContainerItemProxy */ = {
			isa = PBXContainerItemProxy;
			containerPortal = D3DBEC5D23E98180003EBFDC /* Project object */;
			proxyType = 1;
			remoteGlobalIDString = D3522B432451DCEC009405AE;
			remoteInfo = TopHeadlinesWatchApp;
		};
		D3DBEC7C23E98180003EBFDC /* PBXContainerItemProxy */ = {
			isa = PBXContainerItemProxy;
			containerPortal = D3DBEC5D23E98180003EBFDC /* Project object */;
			proxyType = 1;
			remoteGlobalIDString = D3DBEC6423E98180003EBFDC;
			remoteInfo = "Tech Reads";
		};
		D3DBEC8723E98180003EBFDC /* PBXContainerItemProxy */ = {
			isa = PBXContainerItemProxy;
			containerPortal = D3DBEC5D23E98180003EBFDC /* Project object */;
			proxyType = 1;
			remoteGlobalIDString = D3DBEC6423E98180003EBFDC;
			remoteInfo = "Tech Reads";
		};
/* End PBXContainerItemProxy section */

/* Begin PBXCopyFilesBuildPhase section */
		D3522B622451DCEE009405AE /* Embed Watch Content */ = {
			isa = PBXCopyFilesBuildPhase;
			buildActionMask = 2147483647;
			dstPath = "$(CONTENTS_FOLDER_PATH)/Watch";
			dstSubfolderSpec = 16;
			files = (
				D3522B612451DCEE009405AE /* TopHeadlinesWatchApp.app in Embed Watch Content */,
			);
			name = "Embed Watch Content";
			runOnlyForDeploymentPostprocessing = 0;
		};
		D3522B652451DCEE009405AE /* Embed App Extensions */ = {
			isa = PBXCopyFilesBuildPhase;
			buildActionMask = 2147483647;
			dstPath = "";
			dstSubfolderSpec = 13;
			files = (
				D3522B512451DCED009405AE /* TopHeadlinesWatchApp Extension.appex in Embed App Extensions */,
			);
			name = "Embed App Extensions";
			runOnlyForDeploymentPostprocessing = 0;
		};
/* End PBXCopyFilesBuildPhase section */

/* Begin PBXFileReference section */
		31E75FD79A0DDF6F58AFCF30 /* Pods-Tech ReadsTests.release.xcconfig */ = {isa = PBXFileReference; includeInIndex = 1; lastKnownFileType = text.xcconfig; name = "Pods-Tech ReadsTests.release.xcconfig"; path = "Target Support Files/Pods-Tech ReadsTests/Pods-Tech ReadsTests.release.xcconfig"; sourceTree = "<group>"; };
		3CE3FA0BF8F2706972699D31 /* Pods-TopHeadlinesWatchApp Extension.release.xcconfig */ = {isa = PBXFileReference; includeInIndex = 1; lastKnownFileType = text.xcconfig; name = "Pods-TopHeadlinesWatchApp Extension.release.xcconfig"; path = "Target Support Files/Pods-TopHeadlinesWatchApp Extension/Pods-TopHeadlinesWatchApp Extension.release.xcconfig"; sourceTree = "<group>"; };
		4967767DB3E8AC5B899A5147 /* Pods-TopHeadlinesWatchApp.release.xcconfig */ = {isa = PBXFileReference; includeInIndex = 1; lastKnownFileType = text.xcconfig; name = "Pods-TopHeadlinesWatchApp.release.xcconfig"; path = "Target Support Files/Pods-TopHeadlinesWatchApp/Pods-TopHeadlinesWatchApp.release.xcconfig"; sourceTree = "<group>"; };
		566D52E69A0F2EE58409EB6B /* libPods-TopHeadlinesWatchApp.a */ = {isa = PBXFileReference; explicitFileType = archive.ar; includeInIndex = 0; path = "libPods-TopHeadlinesWatchApp.a"; sourceTree = BUILT_PRODUCTS_DIR; };
		5E91CEAD34773B0AA868B7DC /* libPods-Tech Reads-Tech ReadsUITests.a */ = {isa = PBXFileReference; explicitFileType = archive.ar; includeInIndex = 0; path = "libPods-Tech Reads-Tech ReadsUITests.a"; sourceTree = BUILT_PRODUCTS_DIR; };
		5F8155DDAA5D65DF14098C98 /* Pods-TopHeadlinesWatchApp.debug.xcconfig */ = {isa = PBXFileReference; includeInIndex = 1; lastKnownFileType = text.xcconfig; name = "Pods-TopHeadlinesWatchApp.debug.xcconfig"; path = "Target Support Files/Pods-TopHeadlinesWatchApp/Pods-TopHeadlinesWatchApp.debug.xcconfig"; sourceTree = "<group>"; };
		69C4D0A861CE882B745456E3 /* Pods-Tech Reads-Tech ReadsUITests.release.xcconfig */ = {isa = PBXFileReference; includeInIndex = 1; lastKnownFileType = text.xcconfig; name = "Pods-Tech Reads-Tech ReadsUITests.release.xcconfig"; path = "Target Support Files/Pods-Tech Reads-Tech ReadsUITests/Pods-Tech Reads-Tech ReadsUITests.release.xcconfig"; sourceTree = "<group>"; };
		7DBF214C111667897C9376A8 /* Pods-Tech Reads.debug.xcconfig */ = {isa = PBXFileReference; includeInIndex = 1; lastKnownFileType = text.xcconfig; name = "Pods-Tech Reads.debug.xcconfig"; path = "Target Support Files/Pods-Tech Reads/Pods-Tech Reads.debug.xcconfig"; sourceTree = "<group>"; };
		82BF5A7F3F38817A164B2664 /* Pods-Tech ReadsTests.debug.xcconfig */ = {isa = PBXFileReference; includeInIndex = 1; lastKnownFileType = text.xcconfig; name = "Pods-Tech ReadsTests.debug.xcconfig"; path = "Target Support Files/Pods-Tech ReadsTests/Pods-Tech ReadsTests.debug.xcconfig"; sourceTree = "<group>"; };
		9548A26DFA62FC69421506F5 /* libPods-TopHeadlinesWatchApp Extension.a */ = {isa = PBXFileReference; explicitFileType = archive.ar; includeInIndex = 0; path = "libPods-TopHeadlinesWatchApp Extension.a"; sourceTree = BUILT_PRODUCTS_DIR; };
		C9128A37192AE6D7035EFA68 /* Pods-Tech Reads-Tech ReadsUITests.debug.xcconfig */ = {isa = PBXFileReference; includeInIndex = 1; lastKnownFileType = text.xcconfig; name = "Pods-Tech Reads-Tech ReadsUITests.debug.xcconfig"; path = "Target Support Files/Pods-Tech Reads-Tech ReadsUITests/Pods-Tech Reads-Tech ReadsUITests.debug.xcconfig"; sourceTree = "<group>"; };
		D32801C924499F9F00E1DEF1 /* TechNewsPresenter.swift */ = {isa = PBXFileReference; lastKnownFileType = sourcecode.swift; path = TechNewsPresenter.swift; sourceTree = "<group>"; };
		D328BECE245957D300AACC4C /* NewsAPICodeTest.swift */ = {isa = PBXFileReference; lastKnownFileType = sourcecode.swift; path = NewsAPICodeTest.swift; sourceTree = "<group>"; };
		D32A8533245808C5007BAB55 /* UIModifications.swift */ = {isa = PBXFileReference; lastKnownFileType = sourcecode.swift; path = UIModifications.swift; sourceTree = "<group>"; };
		D32D0697242C8CA5002A8647 /* Tech Reads-Bridging-Header.h */ = {isa = PBXFileReference; lastKnownFileType = sourcecode.c.h; path = "Tech Reads-Bridging-Header.h"; sourceTree = "<group>"; };
		D32D0698242C8CA6002A8647 /* PreferenceUtilitiesView.m */ = {isa = PBXFileReference; lastKnownFileType = sourcecode.c.objc; path = PreferenceUtilitiesView.m; sourceTree = "<group>"; };
		D32D069A242C8CCC002A8647 /* PreferenceUtillitiesView.h */ = {isa = PBXFileReference; lastKnownFileType = sourcecode.c.h; path = PreferenceUtillitiesView.h; sourceTree = "<group>"; };
		D33999B423FBC33A009E1811 /* SearchResultsTable.swift */ = {isa = PBXFileReference; lastKnownFileType = sourcecode.swift; path = SearchResultsTable.swift; sourceTree = "<group>"; };
		D3486D0B2459655300087796 /* NewsList.json */ = {isa = PBXFileReference; fileEncoding = 4; lastKnownFileType = text.json; path = NewsList.json; sourceTree = "<group>"; };
		D3486D0F24598C5C00087796 /* CustomNewsList.json */ = {isa = PBXFileReference; fileEncoding = 4; lastKnownFileType = text.json; path = CustomNewsList.json; sourceTree = "<group>"; };
		D3486D132459963700087796 /* GameAPICodeTest.swift */ = {isa = PBXFileReference; lastKnownFileType = sourcecode.swift; path = GameAPICodeTest.swift; sourceTree = "<group>"; };
		D3486D152459991400087796 /* GameList.json */ = {isa = PBXFileReference; fileEncoding = 4; lastKnownFileType = text.json; path = GameList.json; sourceTree = "<group>"; };
		D3486D162459991400087796 /* GameInfo.json */ = {isa = PBXFileReference; fileEncoding = 4; lastKnownFileType = text.json; path = GameInfo.json; sourceTree = "<group>"; };
		D3486D1D2459A46F00087796 /* URLPathTesting.swift */ = {isa = PBXFileReference; lastKnownFileType = sourcecode.swift; path = URLPathTesting.swift; sourceTree = "<group>"; };
		D3522B4124517A64009405AE /* PreferenceUtilitiesPresenterView.h */ = {isa = PBXFileReference; lastKnownFileType = sourcecode.c.h; path = PreferenceUtilitiesPresenterView.h; sourceTree = "<group>"; };
		D3522B442451DCEC009405AE /* TopHeadlinesWatchApp.app */ = {isa = PBXFileReference; explicitFileType = wrapper.application; includeInIndex = 0; path = TopHeadlinesWatchApp.app; sourceTree = BUILT_PRODUCTS_DIR; };
		D3522B472451DCEC009405AE /* Base */ = {isa = PBXFileReference; lastKnownFileType = file.storyboard; name = Base; path = Base.lproj/Interface.storyboard; sourceTree = "<group>"; };
		D3522B492451DCED009405AE /* Assets.xcassets */ = {isa = PBXFileReference; lastKnownFileType = folder.assetcatalog; path = Assets.xcassets; sourceTree = "<group>"; };
		D3522B4B2451DCED009405AE /* Info.plist */ = {isa = PBXFileReference; lastKnownFileType = text.plist.xml; path = Info.plist; sourceTree = "<group>"; };
		D3522B502451DCED009405AE /* TopHeadlinesWatchApp Extension.appex */ = {isa = PBXFileReference; explicitFileType = "wrapper.app-extension"; includeInIndex = 0; path = "TopHeadlinesWatchApp Extension.appex"; sourceTree = BUILT_PRODUCTS_DIR; };
		D3522B552451DCED009405AE /* InterfaceController.swift */ = {isa = PBXFileReference; lastKnownFileType = sourcecode.swift; path = InterfaceController.swift; sourceTree = "<group>"; };
		D3522B572451DCED009405AE /* ExtensionDelegate.swift */ = {isa = PBXFileReference; lastKnownFileType = sourcecode.swift; path = ExtensionDelegate.swift; sourceTree = "<group>"; };
		D3522B5B2451DCEE009405AE /* Assets.xcassets */ = {isa = PBXFileReference; lastKnownFileType = folder.assetcatalog; path = Assets.xcassets; sourceTree = "<group>"; };
		D3522B5D2451DCEE009405AE /* Info.plist */ = {isa = PBXFileReference; lastKnownFileType = text.plist.xml; path = Info.plist; sourceTree = "<group>"; };
		D357DB512454622A00E9466A /* ViewControllerExtention.swift */ = {isa = PBXFileReference; lastKnownFileType = sourcecode.swift; path = ViewControllerExtention.swift; sourceTree = "<group>"; };
		D368A43723EBF5130090A80F /* GameReviewController.swift */ = {isa = PBXFileReference; lastKnownFileType = sourcecode.swift; path = GameReviewController.swift; sourceTree = "<group>"; };
		D368A43923EBF6730090A80F /* GameSearchView.swift */ = {isa = PBXFileReference; lastKnownFileType = sourcecode.swift; path = GameSearchView.swift; sourceTree = "<group>"; };
		D368A43F23EC363D0090A80F /* GeneralTechReview.swift */ = {isa = PBXFileReference; lastKnownFileType = sourcecode.swift; path = GeneralTechReview.swift; sourceTree = "<group>"; };
		D37725D7244F30DB00510A35 /* UIImageExtention.swift */ = {isa = PBXFileReference; lastKnownFileType = sourcecode.swift; path = UIImageExtention.swift; sourceTree = "<group>"; };
		D37725D9244F318000510A35 /* GameReviewPresenter.swift */ = {isa = PBXFileReference; lastKnownFileType = sourcecode.swift; path = GameReviewPresenter.swift; sourceTree = "<group>"; };
		D37E6936242CF68000391989 /* TextProcessingtests.swift */ = {isa = PBXFileReference; lastKnownFileType = sourcecode.swift; path = TextProcessingtests.swift; sourceTree = "<group>"; };
		D380777F24501AF400716FB6 /* GameResultsPresenterView.swift */ = {isa = PBXFileReference; lastKnownFileType = sourcecode.swift; path = GameResultsPresenterView.swift; sourceTree = "<group>"; };
		D380778124501B0600716FB6 /* GameResultPresenter.swift */ = {isa = PBXFileReference; lastKnownFileType = sourcecode.swift; path = GameResultPresenter.swift; sourceTree = "<group>"; };
		D38077862450893B00716FB6 /* PreferenceModel.xcdatamodel */ = {isa = PBXFileReference; lastKnownFileType = wrapper.xcdatamodel; path = PreferenceModel.xcdatamodel; sourceTree = "<group>"; };
		D380778824508BC400716FB6 /* PreferenceRepository.swift */ = {isa = PBXFileReference; lastKnownFileType = sourcecode.swift; path = PreferenceRepository.swift; sourceTree = "<group>"; };
		D3866AA6244D8037004FC01D /* WebView.swift */ = {isa = PBXFileReference; lastKnownFileType = sourcecode.swift; path = WebView.swift; sourceTree = "<group>"; };
		D3866AAC244DCB23004FC01D /* Segues.swift */ = {isa = PBXFileReference; lastKnownFileType = sourcecode.swift; path = Segues.swift; sourceTree = "<group>"; };
		D3866AAE244DCDEA004FC01D /* TechPresenterView.swift */ = {isa = PBXFileReference; lastKnownFileType = sourcecode.swift; path = TechPresenterView.swift; sourceTree = "<group>"; };
		D3866AB0244DCE27004FC01D /* TechResultsPresenterView.swift */ = {isa = PBXFileReference; lastKnownFileType = sourcecode.swift; path = TechResultsPresenterView.swift; sourceTree = "<group>"; };
		D387254B2455A72E00DDE766 /* SnapshotHelper.swift */ = {isa = PBXFileReference; fileEncoding = 4; lastKnownFileType = sourcecode.swift; name = SnapshotHelper.swift; path = fastlane/SnapshotHelper.swift; sourceTree = SOURCE_ROOT; };
		D396EBA2244B265D007DB5B5 /* TechResultsTableView.swift */ = {isa = PBXFileReference; lastKnownFileType = sourcecode.swift; path = TechResultsTableView.swift; sourceTree = "<group>"; };
		D396EBA8244B2B5E007DB5B5 /* TechResultsPresenter.swift */ = {isa = PBXFileReference; lastKnownFileType = sourcecode.swift; path = TechResultsPresenter.swift; sourceTree = "<group>"; };
		D39986F0242E082E00A08717 /* GoogleService-Info.plist */ = {isa = PBXFileReference; fileEncoding = 4; lastKnownFileType = text.plist.xml; path = "GoogleService-Info.plist"; sourceTree = "<group>"; };
		D3A6CE162438CB2E00B96DE1 /* SaveUtilityPresenter.swift */ = {isa = PBXFileReference; lastKnownFileType = sourcecode.swift; path = SaveUtilityPresenter.swift; sourceTree = "<group>"; };
		D3B9B20F2452F0730008E319 /* libTechReadsPod.a */ = {isa = PBXFileReference; explicitFileType = archive.ar; path = libTechReadsPod.a; sourceTree = BUILT_PRODUCTS_DIR; };
		D3B9B2112452F07B0008E319 /* libTechReadsPod.a */ = {isa = PBXFileReference; explicitFileType = archive.ar; path = libTechReadsPod.a; sourceTree = BUILT_PRODUCTS_DIR; };
		D3C1EA9B2432379C007AFFDD /* SaveLoadTest.swift */ = {isa = PBXFileReference; lastKnownFileType = sourcecode.swift; path = SaveLoadTest.swift; sourceTree = "<group>"; };
		D3D89CC524530D1800263A32 /* ImageExtention.swift */ = {isa = PBXFileReference; lastKnownFileType = sourcecode.swift; path = ImageExtention.swift; sourceTree = "<group>"; };
		D3DBEC6523E98180003EBFDC /* Tech Reads.app */ = {isa = PBXFileReference; explicitFileType = wrapper.application; includeInIndex = 0; path = "Tech Reads.app"; sourceTree = BUILT_PRODUCTS_DIR; };
		D3DBEC6823E98180003EBFDC /* AppDelegate.swift */ = {isa = PBXFileReference; lastKnownFileType = sourcecode.swift; path = AppDelegate.swift; sourceTree = "<group>"; };
		D3DBEC6A23E98180003EBFDC /* SceneDelegate.swift */ = {isa = PBXFileReference; lastKnownFileType = sourcecode.swift; path = SceneDelegate.swift; sourceTree = "<group>"; };
		D3DBEC6C23E98180003EBFDC /* ViewController.swift */ = {isa = PBXFileReference; lastKnownFileType = sourcecode.swift; path = ViewController.swift; sourceTree = "<group>"; };
		D3DBEC6F23E98180003EBFDC /* Base */ = {isa = PBXFileReference; lastKnownFileType = file.storyboard; name = Base; path = Base.lproj/Main.storyboard; sourceTree = "<group>"; };
		D3DBEC7123E98180003EBFDC /* Assets.xcassets */ = {isa = PBXFileReference; lastKnownFileType = folder.assetcatalog; path = Assets.xcassets; sourceTree = "<group>"; };
		D3DBEC7423E98180003EBFDC /* Base */ = {isa = PBXFileReference; lastKnownFileType = file.storyboard; name = Base; path = Base.lproj/LaunchScreen.storyboard; sourceTree = "<group>"; };
		D3DBEC7623E98180003EBFDC /* Info.plist */ = {isa = PBXFileReference; lastKnownFileType = text.plist.xml; path = Info.plist; sourceTree = "<group>"; };
		D3DBEC7B23E98180003EBFDC /* Tech ReadsTests.xctest */ = {isa = PBXFileReference; explicitFileType = wrapper.cfbundle; includeInIndex = 0; path = "Tech ReadsTests.xctest"; sourceTree = BUILT_PRODUCTS_DIR; };
		D3DBEC8123E98180003EBFDC /* Info.plist */ = {isa = PBXFileReference; lastKnownFileType = text.plist.xml; path = Info.plist; sourceTree = "<group>"; };
		D3DBEC8623E98180003EBFDC /* Tech ReadsUITests.xctest */ = {isa = PBXFileReference; explicitFileType = wrapper.cfbundle; includeInIndex = 0; path = "Tech ReadsUITests.xctest"; sourceTree = BUILT_PRODUCTS_DIR; };
		D3DBEC8A23E98180003EBFDC /* Tech_ReadsUITests.swift */ = {isa = PBXFileReference; lastKnownFileType = sourcecode.swift; path = Tech_ReadsUITests.swift; sourceTree = "<group>"; };
		D3DBEC8C23E98180003EBFDC /* Info.plist */ = {isa = PBXFileReference; lastKnownFileType = text.plist.xml; path = Info.plist; sourceTree = "<group>"; };
		D3DDB5D9245703C7001C31D6 /* ColorExtention.swift */ = {isa = PBXFileReference; lastKnownFileType = sourcecode.swift; path = ColorExtention.swift; sourceTree = "<group>"; };
		E57E326594E70D3F128094D3 /* Pods-Tech Reads.release.xcconfig */ = {isa = PBXFileReference; includeInIndex = 1; lastKnownFileType = text.xcconfig; name = "Pods-Tech Reads.release.xcconfig"; path = "Target Support Files/Pods-Tech Reads/Pods-Tech Reads.release.xcconfig"; sourceTree = "<group>"; };
		EE2CD8946A08675615400E30 /* libPods-Tech ReadsTests.a */ = {isa = PBXFileReference; explicitFileType = archive.ar; includeInIndex = 0; path = "libPods-Tech ReadsTests.a"; sourceTree = BUILT_PRODUCTS_DIR; };
		F2F6D8FBE81C2315EA9EE8F0 /* Pods-TopHeadlinesWatchApp Extension.debug.xcconfig */ = {isa = PBXFileReference; includeInIndex = 1; lastKnownFileType = text.xcconfig; name = "Pods-TopHeadlinesWatchApp Extension.debug.xcconfig"; path = "Target Support Files/Pods-TopHeadlinesWatchApp Extension/Pods-TopHeadlinesWatchApp Extension.debug.xcconfig"; sourceTree = "<group>"; };
		FCCFA53FFB247CCA01D9BB80 /* libPods-Tech Reads.a */ = {isa = PBXFileReference; explicitFileType = archive.ar; includeInIndex = 0; path = "libPods-Tech Reads.a"; sourceTree = BUILT_PRODUCTS_DIR; };
/* End PBXFileReference section */

/* Begin PBXFrameworksBuildPhase section */
		0839C4CE7B01F267B3E532E9 /* Frameworks */ = {
			isa = PBXFrameworksBuildPhase;
			buildActionMask = 2147483647;
			files = (
				BD9793D201E248A2A9421619 /* libPods-TopHeadlinesWatchApp.a in Frameworks */,
			);
			runOnlyForDeploymentPostprocessing = 0;
		};
		D3522B4D2451DCED009405AE /* Frameworks */ = {
			isa = PBXFrameworksBuildPhase;
			buildActionMask = 2147483647;
			files = (
				D9F4746E0FB875B616D8B90F /* libPods-TopHeadlinesWatchApp Extension.a in Frameworks */,
			);
			runOnlyForDeploymentPostprocessing = 0;
		};
		D3DBEC6223E98180003EBFDC /* Frameworks */ = {
			isa = PBXFrameworksBuildPhase;
			buildActionMask = 2147483647;
			files = (
				6023F593BCC4ACFAA4B54462 /* libPods-Tech Reads.a in Frameworks */,
			);
			runOnlyForDeploymentPostprocessing = 0;
		};
		D3DBEC7823E98180003EBFDC /* Frameworks */ = {
			isa = PBXFrameworksBuildPhase;
			buildActionMask = 2147483647;
			files = (
				F97CF27245C99173F430276F /* libPods-Tech ReadsTests.a in Frameworks */,
			);
			runOnlyForDeploymentPostprocessing = 0;
		};
		D3DBEC8323E98180003EBFDC /* Frameworks */ = {
			isa = PBXFrameworksBuildPhase;
			buildActionMask = 2147483647;
			files = (
				837723F7E4CE178636498039 /* libPods-Tech Reads-Tech ReadsUITests.a in Frameworks */,
			);
			runOnlyForDeploymentPostprocessing = 0;
		};
/* End PBXFrameworksBuildPhase section */

/* Begin PBXGroup section */
		3CD41D17481D8BFE4EE6067D /* Pods */ = {
			isa = PBXGroup;
			children = (
				7DBF214C111667897C9376A8 /* Pods-Tech Reads.debug.xcconfig */,
				E57E326594E70D3F128094D3 /* Pods-Tech Reads.release.xcconfig */,
				C9128A37192AE6D7035EFA68 /* Pods-Tech Reads-Tech ReadsUITests.debug.xcconfig */,
				69C4D0A861CE882B745456E3 /* Pods-Tech Reads-Tech ReadsUITests.release.xcconfig */,
				82BF5A7F3F38817A164B2664 /* Pods-Tech ReadsTests.debug.xcconfig */,
				31E75FD79A0DDF6F58AFCF30 /* Pods-Tech ReadsTests.release.xcconfig */,
				5F8155DDAA5D65DF14098C98 /* Pods-TopHeadlinesWatchApp.debug.xcconfig */,
				4967767DB3E8AC5B899A5147 /* Pods-TopHeadlinesWatchApp.release.xcconfig */,
				F2F6D8FBE81C2315EA9EE8F0 /* Pods-TopHeadlinesWatchApp Extension.debug.xcconfig */,
				3CE3FA0BF8F2706972699D31 /* Pods-TopHeadlinesWatchApp Extension.release.xcconfig */,
			);
			path = Pods;
			sourceTree = "<group>";
		};
		AEBEBBDDADB04908641428DF /* Frameworks */ = {
			isa = PBXGroup;
			children = (
				D3B9B2112452F07B0008E319 /* libTechReadsPod.a */,
				D3B9B20F2452F0730008E319 /* libTechReadsPod.a */,
				FCCFA53FFB247CCA01D9BB80 /* libPods-Tech Reads.a */,
				5E91CEAD34773B0AA868B7DC /* libPods-Tech Reads-Tech ReadsUITests.a */,
				EE2CD8946A08675615400E30 /* libPods-Tech ReadsTests.a */,
				566D52E69A0F2EE58409EB6B /* libPods-TopHeadlinesWatchApp.a */,
				9548A26DFA62FC69421506F5 /* libPods-TopHeadlinesWatchApp Extension.a */,
			);
			name = Frameworks;
			sourceTree = "<group>";
		};
		D3522B452451DCEC009405AE /* TopHeadlinesWatchApp */ = {
			isa = PBXGroup;
			children = (
				D3522B462451DCEC009405AE /* Interface.storyboard */,
				D3522B492451DCED009405AE /* Assets.xcassets */,
				D3522B4B2451DCED009405AE /* Info.plist */,
			);
			path = TopHeadlinesWatchApp;
			sourceTree = "<group>";
		};
		D3522B542451DCED009405AE /* TopHeadlinesWatchApp Extension */ = {
			isa = PBXGroup;
			children = (
				D3522B552451DCED009405AE /* InterfaceController.swift */,
				D3D89CC524530D1800263A32 /* ImageExtention.swift */,
				D3522B572451DCED009405AE /* ExtensionDelegate.swift */,
				D3522B5B2451DCEE009405AE /* Assets.xcassets */,
				D3522B5D2451DCEE009405AE /* Info.plist */,
			);
			path = "TopHeadlinesWatchApp Extension";
			sourceTree = "<group>";
		};
		D37725D1244F0DCE00510A35 /* TechNewsWebPage */ = {
			isa = PBXGroup;
			children = (
				D3866AA6244D8037004FC01D /* WebView.swift */,
			);
			path = TechNewsWebPage;
			sourceTree = "<group>";
		};
		D37725D6244F30B600510A35 /* Utilities */ = {
			isa = PBXGroup;
			children = (
				D37725D7244F30DB00510A35 /* UIImageExtention.swift */,
				D3866AAC244DCB23004FC01D /* Segues.swift */,
				D3DDB5D9245703C7001C31D6 /* ColorExtention.swift */,
				D32A8533245808C5007BAB55 /* UIModifications.swift */,
			);
			path = Utilities;
			sourceTree = "<group>";
		};
		D396EBA5244B2AC8007DB5B5 /* GameSearch */ = {
			isa = PBXGroup;
			children = (
				D33999B423FBC33A009E1811 /* SearchResultsTable.swift */,
				D380777F24501AF400716FB6 /* GameResultsPresenterView.swift */,
				D380778124501B0600716FB6 /* GameResultPresenter.swift */,
			);
			path = GameSearch;
			sourceTree = "<group>";
		};
		D396EBA6244B2AD6007DB5B5 /* TechSearch */ = {
			isa = PBXGroup;
			children = (
				D396EBA8244B2B5E007DB5B5 /* TechResultsPresenter.swift */,
				D396EBA2244B265D007DB5B5 /* TechResultsTableView.swift */,
				D3866AB0244DCE27004FC01D /* TechResultsPresenterView.swift */,
			);
			path = TechSearch;
			sourceTree = "<group>";
		};
		D3A451732418A25F0017C53A /* GameReview */ = {
			isa = PBXGroup;
			children = (
				D368A43723EBF5130090A80F /* GameReviewController.swift */,
				D37725D9244F318000510A35 /* GameReviewPresenter.swift */,
			);
			path = GameReview;
			sourceTree = "<group>";
		};
		D3A451742418A2870017C53A /* Preferences */ = {
			isa = PBXGroup;
			children = (
				D32D069A242C8CCC002A8647 /* PreferenceUtillitiesView.h */,
				D32D0698242C8CA6002A8647 /* PreferenceUtilitiesView.m */,
				D3A6CE162438CB2E00B96DE1 /* SaveUtilityPresenter.swift */,
				D380778824508BC400716FB6 /* PreferenceRepository.swift */,
				D32D0697242C8CA5002A8647 /* Tech Reads-Bridging-Header.h */,
				D3522B4124517A64009405AE /* PreferenceUtilitiesPresenterView.h */,
			);
			path = Preferences;
			sourceTree = "<group>";
		};
		D3A451752418A2CD0017C53A /* SearchFunction */ = {
			isa = PBXGroup;
			children = (
				D368A43923EBF6730090A80F /* GameSearchView.swift */,
				D396EBA6244B2AD6007DB5B5 /* TechSearch */,
				D396EBA5244B2AC8007DB5B5 /* GameSearch */,
			);
			path = SearchFunction;
			sourceTree = "<group>";
		};
		D3A451762418A2FF0017C53A /* TechReview */ = {
			isa = PBXGroup;
			children = (
				D368A43F23EC363D0090A80F /* GeneralTechReview.swift */,
				D32801C924499F9F00E1DEF1 /* TechNewsPresenter.swift */,
				D3866AAE244DCDEA004FC01D /* TechPresenterView.swift */,
			);
			path = TechReview;
			sourceTree = "<group>";
		};
		D3D89CC72453134200263A32 /* AppleWatch */ = {
			isa = PBXGroup;
			children = (
			);
			path = AppleWatch;
			sourceTree = "<group>";
		};
		D3DBEC5C23E98180003EBFDC = {
			isa = PBXGroup;
			children = (
				D3DBEC6723E98180003EBFDC /* Tech Reads */,
				D3DBEC7E23E98180003EBFDC /* Tech ReadsTests */,
				D3DBEC8923E98180003EBFDC /* Tech ReadsUITests */,
				D3522B452451DCEC009405AE /* TopHeadlinesWatchApp */,
				D3522B542451DCED009405AE /* TopHeadlinesWatchApp Extension */,
				D3DBEC6623E98180003EBFDC /* Products */,
				3CD41D17481D8BFE4EE6067D /* Pods */,
				AEBEBBDDADB04908641428DF /* Frameworks */,
			);
			sourceTree = "<group>";
		};
		D3DBEC6623E98180003EBFDC /* Products */ = {
			isa = PBXGroup;
			children = (
				D3DBEC6523E98180003EBFDC /* Tech Reads.app */,
				D3DBEC7B23E98180003EBFDC /* Tech ReadsTests.xctest */,
				D3DBEC8623E98180003EBFDC /* Tech ReadsUITests.xctest */,
				D3522B442451DCEC009405AE /* TopHeadlinesWatchApp.app */,
				D3522B502451DCED009405AE /* TopHeadlinesWatchApp Extension.appex */,
			);
			name = Products;
			sourceTree = "<group>";
		};
		D3DBEC6723E98180003EBFDC /* Tech Reads */ = {
			isa = PBXGroup;
			children = (
				D39986F0242E082E00A08717 /* GoogleService-Info.plist */,
				D3F62E96241F5012002F5398 /* ProjectStoryboard */,
				D37725D1244F0DCE00510A35 /* TechNewsWebPage */,
				D3A451762418A2FF0017C53A /* TechReview */,
				D3A451752418A2CD0017C53A /* SearchFunction */,
				D3A451742418A2870017C53A /* Preferences */,
				D3A451732418A25F0017C53A /* GameReview */,
				D3D89CC72453134200263A32 /* AppleWatch */,
				D37725D6244F30B600510A35 /* Utilities */,
				D3DBEC6823E98180003EBFDC /* AppDelegate.swift */,
				D3DBEC6A23E98180003EBFDC /* SceneDelegate.swift */,
				D3DBEC7123E98180003EBFDC /* Assets.xcassets */,
				D3DBEC7323E98180003EBFDC /* LaunchScreen.storyboard */,
				D3DBEC7623E98180003EBFDC /* Info.plist */,
				D38077852450893B00716FB6 /* TechReads.xcdatamodeld */,
			);
			path = "Tech Reads";
			sourceTree = "<group>";
		};
		D3DBEC7E23E98180003EBFDC /* Tech ReadsTests */ = {
			isa = PBXGroup;
			children = (
				D3DBEC8123E98180003EBFDC /* Info.plist */,
				D37E6936242CF68000391989 /* TextProcessingtests.swift */,
				D3486D1D2459A46F00087796 /* URLPathTesting.swift */,
				D3C1EA9B2432379C007AFFDD /* SaveLoadTest.swift */,
				D328BECE245957D300AACC4C /* NewsAPICodeTest.swift */,
				D3486D132459963700087796 /* GameAPICodeTest.swift */,
				D3486D162459991400087796 /* GameInfo.json */,
				D3486D152459991400087796 /* GameList.json */,
				D3486D0F24598C5C00087796 /* CustomNewsList.json */,
				D3486D0B2459655300087796 /* NewsList.json */,
			);
			path = "Tech ReadsTests";
			sourceTree = "<group>";
		};
		D3DBEC8923E98180003EBFDC /* Tech ReadsUITests */ = {
			isa = PBXGroup;
			children = (
				D3DBEC8A23E98180003EBFDC /* Tech_ReadsUITests.swift */,
				D387254B2455A72E00DDE766 /* SnapshotHelper.swift */,
				D3DBEC8C23E98180003EBFDC /* Info.plist */,
			);
			path = "Tech ReadsUITests";
			sourceTree = "<group>";
		};
		D3F62E96241F5012002F5398 /* ProjectStoryboard */ = {
			isa = PBXGroup;
			children = (
				D3DBEC6C23E98180003EBFDC /* ViewController.swift */,
				D3DBEC6E23E98180003EBFDC /* Main.storyboard */,
				D357DB512454622A00E9466A /* ViewControllerExtention.swift */,
			);
			path = ProjectStoryboard;
			sourceTree = "<group>";
		};
/* End PBXGroup section */

/* Begin PBXNativeTarget section */
		D3522B432451DCEC009405AE /* TopHeadlinesWatchApp */ = {
			isa = PBXNativeTarget;
			buildConfigurationList = D3522B692451DCEE009405AE /* Build configuration list for PBXNativeTarget "TopHeadlinesWatchApp" */;
			buildPhases = (
				B2ED6915EB98D64271C111FE /* [CP] Check Pods Manifest.lock */,
				D3522B422451DCEC009405AE /* Resources */,
				D3522B652451DCEE009405AE /* Embed App Extensions */,
				0839C4CE7B01F267B3E532E9 /* Frameworks */,
			);
			buildRules = (
			);
			dependencies = (
				D3522B532451DCED009405AE /* PBXTargetDependency */,
			);
			name = TopHeadlinesWatchApp;
			productName = TopHeadlinesWatchApp;
			productReference = D3522B442451DCEC009405AE /* TopHeadlinesWatchApp.app */;
			productType = "com.apple.product-type.application.watchapp2";
		};
		D3522B4F2451DCED009405AE /* TopHeadlinesWatchApp Extension */ = {
			isa = PBXNativeTarget;
			buildConfigurationList = D3522B682451DCEE009405AE /* Build configuration list for PBXNativeTarget "TopHeadlinesWatchApp Extension" */;
			buildPhases = (
				D5D0F87976C96A4951F6A467 /* [CP] Check Pods Manifest.lock */,
				D3522B4C2451DCED009405AE /* Sources */,
				D3522B4D2451DCED009405AE /* Frameworks */,
				D3522B4E2451DCED009405AE /* Resources */,
			);
			buildRules = (
			);
			dependencies = (
			);
			name = "TopHeadlinesWatchApp Extension";
			productName = "TopHeadlinesWatchApp Extension";
			productReference = D3522B502451DCED009405AE /* TopHeadlinesWatchApp Extension.appex */;
			productType = "com.apple.product-type.watchkit2-extension";
		};
		D3DBEC6423E98180003EBFDC /* Tech Reads */ = {
			isa = PBXNativeTarget;
			buildConfigurationList = D3DBEC8F23E98180003EBFDC /* Build configuration list for PBXNativeTarget "Tech Reads" */;
			buildPhases = (
				B86C15104FE89C66DD6FCE31 /* [CP] Check Pods Manifest.lock */,
				D3DBEC6123E98180003EBFDC /* Sources */,
				D3DBEC6223E98180003EBFDC /* Frameworks */,
				D3DBEC6323E98180003EBFDC /* Resources */,
				D32661F223F2C145005EB5EF /* ShellScript */,
				D3522B622451DCEE009405AE /* Embed Watch Content */,
			);
			buildRules = (
			);
			dependencies = (
				D3522B602451DCEE009405AE /* PBXTargetDependency */,
			);
			name = "Tech Reads";
			productName = "Tech Reads";
			productReference = D3DBEC6523E98180003EBFDC /* Tech Reads.app */;
			productType = "com.apple.product-type.application";
		};
		D3DBEC7A23E98180003EBFDC /* Tech ReadsTests */ = {
			isa = PBXNativeTarget;
			buildConfigurationList = D3DBEC9223E98180003EBFDC /* Build configuration list for PBXNativeTarget "Tech ReadsTests" */;
			buildPhases = (
				B2510D251D30E434A394CF5E /* [CP] Check Pods Manifest.lock */,
				D3DBEC7723E98180003EBFDC /* Sources */,
				D3DBEC7823E98180003EBFDC /* Frameworks */,
				D3DBEC7923E98180003EBFDC /* Resources */,
			);
			buildRules = (
			);
			dependencies = (
				D3DBEC7D23E98180003EBFDC /* PBXTargetDependency */,
			);
			name = "Tech ReadsTests";
			productName = "Tech ReadsTests";
			productReference = D3DBEC7B23E98180003EBFDC /* Tech ReadsTests.xctest */;
			productType = "com.apple.product-type.bundle.unit-test";
		};
		D3DBEC8523E98180003EBFDC /* Tech ReadsUITests */ = {
			isa = PBXNativeTarget;
			buildConfigurationList = D3DBEC9523E98180003EBFDC /* Build configuration list for PBXNativeTarget "Tech ReadsUITests" */;
			buildPhases = (
				DEC0B36454E524946BBAA6FD /* [CP] Check Pods Manifest.lock */,
				D3DBEC8223E98180003EBFDC /* Sources */,
				D3DBEC8323E98180003EBFDC /* Frameworks */,
				D3DBEC8423E98180003EBFDC /* Resources */,
			);
			buildRules = (
			);
			dependencies = (
				D3DBEC8823E98180003EBFDC /* PBXTargetDependency */,
			);
			name = "Tech ReadsUITests";
			productName = "Tech ReadsUITests";
			productReference = D3DBEC8623E98180003EBFDC /* Tech ReadsUITests.xctest */;
			productType = "com.apple.product-type.bundle.ui-testing";
		};
/* End PBXNativeTarget section */

/* Begin PBXProject section */
		D3DBEC5D23E98180003EBFDC /* Project object */ = {
			isa = PBXProject;
			attributes = {
				LastSwiftUpdateCheck = 1140;
				LastUpgradeCheck = 1130;
				ORGANIZATIONNAME = "Akshar Madanlal";
				TargetAttributes = {
					D3522B432451DCEC009405AE = {
						CreatedOnToolsVersion = 11.4;
					};
					D3522B4F2451DCED009405AE = {
						CreatedOnToolsVersion = 11.4;
					};
					D3DBEC6423E98180003EBFDC = {
						CreatedOnToolsVersion = 11.3.1;
						LastSwiftMigration = 1130;
					};
					D3DBEC7A23E98180003EBFDC = {
						CreatedOnToolsVersion = 11.3.1;
						TestTargetID = D3DBEC6423E98180003EBFDC;
					};
					D3DBEC8523E98180003EBFDC = {
						CreatedOnToolsVersion = 11.3.1;
						TestTargetID = D3DBEC6423E98180003EBFDC;
					};
				};
			};
			buildConfigurationList = D3DBEC6023E98180003EBFDC /* Build configuration list for PBXProject "Tech Reads" */;
			compatibilityVersion = "Xcode 9.3";
			developmentRegion = en;
			hasScannedForEncodings = 0;
			knownRegions = (
				en,
				Base,
			);
			mainGroup = D3DBEC5C23E98180003EBFDC;
			productRefGroup = D3DBEC6623E98180003EBFDC /* Products */;
			projectDirPath = "";
			projectRoot = "";
			targets = (
				D3DBEC6423E98180003EBFDC /* Tech Reads */,
				D3DBEC7A23E98180003EBFDC /* Tech ReadsTests */,
				D3DBEC8523E98180003EBFDC /* Tech ReadsUITests */,
				D3522B432451DCEC009405AE /* TopHeadlinesWatchApp */,
				D3522B4F2451DCED009405AE /* TopHeadlinesWatchApp Extension */,
			);
		};
/* End PBXProject section */

/* Begin PBXResourcesBuildPhase section */
		D3522B422451DCEC009405AE /* Resources */ = {
			isa = PBXResourcesBuildPhase;
			buildActionMask = 2147483647;
			files = (
				D3522B4A2451DCED009405AE /* Assets.xcassets in Resources */,
				D3522B482451DCEC009405AE /* Interface.storyboard in Resources */,
			);
			runOnlyForDeploymentPostprocessing = 0;
		};
		D3522B4E2451DCED009405AE /* Resources */ = {
			isa = PBXResourcesBuildPhase;
			buildActionMask = 2147483647;
			files = (
				D3522B5C2451DCEE009405AE /* Assets.xcassets in Resources */,
			);
			runOnlyForDeploymentPostprocessing = 0;
		};
		D3DBEC6323E98180003EBFDC /* Resources */ = {
			isa = PBXResourcesBuildPhase;
			buildActionMask = 2147483647;
			files = (
				D3DBEC7523E98180003EBFDC /* LaunchScreen.storyboard in Resources */,
				D3486D172459991400087796 /* GameList.json in Resources */,
				D3486D1024598C5C00087796 /* CustomNewsList.json in Resources */,
				D3486D1A2459991400087796 /* GameInfo.json in Resources */,
				D39986F1242E082E00A08717 /* GoogleService-Info.plist in Resources */,
				D3486D0C2459655300087796 /* NewsList.json in Resources */,
				D3DBEC7223E98180003EBFDC /* Assets.xcassets in Resources */,
				D3DBEC7023E98180003EBFDC /* Main.storyboard in Resources */,
			);
			runOnlyForDeploymentPostprocessing = 0;
		};
		D3DBEC7923E98180003EBFDC /* Resources */ = {
			isa = PBXResourcesBuildPhase;
			buildActionMask = 2147483647;
			files = (
				D3486D0D2459655300087796 /* NewsList.json in Resources */,
				D3486D1124598C5C00087796 /* CustomNewsList.json in Resources */,
				D3486D1B2459991400087796 /* GameInfo.json in Resources */,
				D39986F2242E082E00A08717 /* GoogleService-Info.plist in Resources */,
				D3486D182459991400087796 /* GameList.json in Resources */,
			);
			runOnlyForDeploymentPostprocessing = 0;
		};
		D3DBEC8423E98180003EBFDC /* Resources */ = {
			isa = PBXResourcesBuildPhase;
			buildActionMask = 2147483647;
			files = (
				D3486D0E2459655300087796 /* NewsList.json in Resources */,
				D3486D1224598C5C00087796 /* CustomNewsList.json in Resources */,
				D3486D1C2459991400087796 /* GameInfo.json in Resources */,
				D39986F3242E082E00A08717 /* GoogleService-Info.plist in Resources */,
				D3486D192459991400087796 /* GameList.json in Resources */,
			);
			runOnlyForDeploymentPostprocessing = 0;
		};
/* End PBXResourcesBuildPhase section */

/* Begin PBXShellScriptBuildPhase section */
		B2510D251D30E434A394CF5E /* [CP] Check Pods Manifest.lock */ = {
			isa = PBXShellScriptBuildPhase;
			buildActionMask = 2147483647;
			files = (
			);
			inputFileListPaths = (
			);
			inputPaths = (
				"${PODS_PODFILE_DIR_PATH}/Podfile.lock",
				"${PODS_ROOT}/Manifest.lock",
			);
			name = "[CP] Check Pods Manifest.lock";
			outputFileListPaths = (
			);
			outputPaths = (
				"$(DERIVED_FILE_DIR)/Pods-Tech ReadsTests-checkManifestLockResult.txt",
			);
			runOnlyForDeploymentPostprocessing = 0;
			shellPath = /bin/sh;
			shellScript = "diff \"${PODS_PODFILE_DIR_PATH}/Podfile.lock\" \"${PODS_ROOT}/Manifest.lock\" > /dev/null\nif [ $? != 0 ] ; then\n    # print error to STDERR\n    echo \"error: The sandbox is not in sync with the Podfile.lock. Run 'pod install' or update your CocoaPods installation.\" >&2\n    exit 1\nfi\n# This output is used by Xcode 'outputs' to avoid re-running this script phase.\necho \"SUCCESS\" > \"${SCRIPT_OUTPUT_FILE_0}\"\n";
			showEnvVarsInLog = 0;
		};
		B2ED6915EB98D64271C111FE /* [CP] Check Pods Manifest.lock */ = {
			isa = PBXShellScriptBuildPhase;
			buildActionMask = 2147483647;
			files = (
			);
			inputFileListPaths = (
			);
			inputPaths = (
				"${PODS_PODFILE_DIR_PATH}/Podfile.lock",
				"${PODS_ROOT}/Manifest.lock",
			);
			name = "[CP] Check Pods Manifest.lock";
			outputFileListPaths = (
			);
			outputPaths = (
				"$(DERIVED_FILE_DIR)/Pods-TopHeadlinesWatchApp-checkManifestLockResult.txt",
			);
			runOnlyForDeploymentPostprocessing = 0;
			shellPath = /bin/sh;
			shellScript = "diff \"${PODS_PODFILE_DIR_PATH}/Podfile.lock\" \"${PODS_ROOT}/Manifest.lock\" > /dev/null\nif [ $? != 0 ] ; then\n    # print error to STDERR\n    echo \"error: The sandbox is not in sync with the Podfile.lock. Run 'pod install' or update your CocoaPods installation.\" >&2\n    exit 1\nfi\n# This output is used by Xcode 'outputs' to avoid re-running this script phase.\necho \"SUCCESS\" > \"${SCRIPT_OUTPUT_FILE_0}\"\n";
			showEnvVarsInLog = 0;
		};
		B86C15104FE89C66DD6FCE31 /* [CP] Check Pods Manifest.lock */ = {
			isa = PBXShellScriptBuildPhase;
			buildActionMask = 2147483647;
			files = (
			);
			inputFileListPaths = (
			);
			inputPaths = (
				"${PODS_PODFILE_DIR_PATH}/Podfile.lock",
				"${PODS_ROOT}/Manifest.lock",
			);
			name = "[CP] Check Pods Manifest.lock";
			outputFileListPaths = (
			);
			outputPaths = (
				"$(DERIVED_FILE_DIR)/Pods-Tech Reads-checkManifestLockResult.txt",
			);
			runOnlyForDeploymentPostprocessing = 0;
			shellPath = /bin/sh;
			shellScript = "diff \"${PODS_PODFILE_DIR_PATH}/Podfile.lock\" \"${PODS_ROOT}/Manifest.lock\" > /dev/null\nif [ $? != 0 ] ; then\n    # print error to STDERR\n    echo \"error: The sandbox is not in sync with the Podfile.lock. Run 'pod install' or update your CocoaPods installation.\" >&2\n    exit 1\nfi\n# This output is used by Xcode 'outputs' to avoid re-running this script phase.\necho \"SUCCESS\" > \"${SCRIPT_OUTPUT_FILE_0}\"\n";
			showEnvVarsInLog = 0;
		};
		D32661F223F2C145005EB5EF /* ShellScript */ = {
			isa = PBXShellScriptBuildPhase;
			buildActionMask = 2147483647;
			files = (
			);
			inputFileListPaths = (
			);
			inputPaths = (
			);
			outputFileListPaths = (
			);
			outputPaths = (
			);
			runOnlyForDeploymentPostprocessing = 0;
			shellPath = /bin/sh;
			shellScript = "if which swiftlint >/dev/null; then\n  swiftlint\nelse\n  echo \"warning: SwiftLint not installed, download from https://github.com/realm/SwiftLint\"\nfi\n\n\"${PODS_ROOT}/FirebaseCrashlytics/run\"\n";
		};
		D5D0F87976C96A4951F6A467 /* [CP] Check Pods Manifest.lock */ = {
			isa = PBXShellScriptBuildPhase;
			buildActionMask = 2147483647;
			files = (
			);
			inputFileListPaths = (
			);
			inputPaths = (
				"${PODS_PODFILE_DIR_PATH}/Podfile.lock",
				"${PODS_ROOT}/Manifest.lock",
			);
			name = "[CP] Check Pods Manifest.lock";
			outputFileListPaths = (
			);
			outputPaths = (
				"$(DERIVED_FILE_DIR)/Pods-TopHeadlinesWatchApp Extension-checkManifestLockResult.txt",
			);
			runOnlyForDeploymentPostprocessing = 0;
			shellPath = /bin/sh;
			shellScript = "diff \"${PODS_PODFILE_DIR_PATH}/Podfile.lock\" \"${PODS_ROOT}/Manifest.lock\" > /dev/null\nif [ $? != 0 ] ; then\n    # print error to STDERR\n    echo \"error: The sandbox is not in sync with the Podfile.lock. Run 'pod install' or update your CocoaPods installation.\" >&2\n    exit 1\nfi\n# This output is used by Xcode 'outputs' to avoid re-running this script phase.\necho \"SUCCESS\" > \"${SCRIPT_OUTPUT_FILE_0}\"\n";
			showEnvVarsInLog = 0;
		};
		DEC0B36454E524946BBAA6FD /* [CP] Check Pods Manifest.lock */ = {
			isa = PBXShellScriptBuildPhase;
			buildActionMask = 2147483647;
			files = (
			);
			inputFileListPaths = (
			);
			inputPaths = (
				"${PODS_PODFILE_DIR_PATH}/Podfile.lock",
				"${PODS_ROOT}/Manifest.lock",
			);
			name = "[CP] Check Pods Manifest.lock";
			outputFileListPaths = (
			);
			outputPaths = (
				"$(DERIVED_FILE_DIR)/Pods-Tech Reads-Tech ReadsUITests-checkManifestLockResult.txt",
			);
			runOnlyForDeploymentPostprocessing = 0;
			shellPath = /bin/sh;
			shellScript = "diff \"${PODS_PODFILE_DIR_PATH}/Podfile.lock\" \"${PODS_ROOT}/Manifest.lock\" > /dev/null\nif [ $? != 0 ] ; then\n    # print error to STDERR\n    echo \"error: The sandbox is not in sync with the Podfile.lock. Run 'pod install' or update your CocoaPods installation.\" >&2\n    exit 1\nfi\n# This output is used by Xcode 'outputs' to avoid re-running this script phase.\necho \"SUCCESS\" > \"${SCRIPT_OUTPUT_FILE_0}\"\n";
			showEnvVarsInLog = 0;
		};
/* End PBXShellScriptBuildPhase section */

/* Begin PBXSourcesBuildPhase section */
		D3522B4C2451DCED009405AE /* Sources */ = {
			isa = PBXSourcesBuildPhase;
			buildActionMask = 2147483647;
			files = (
				D3D89CC624530D1800263A32 /* ImageExtention.swift in Sources */,
				D3522B582451DCED009405AE /* ExtensionDelegate.swift in Sources */,
				D3522B562451DCED009405AE /* InterfaceController.swift in Sources */,
			);
			runOnlyForDeploymentPostprocessing = 0;
		};
		D3DBEC6123E98180003EBFDC /* Sources */ = {
			isa = PBXSourcesBuildPhase;
			buildActionMask = 2147483647;
			files = (
				D3DBEC6D23E98180003EBFDC /* ViewController.swift in Sources */,
				D32801CA24499F9F00E1DEF1 /* TechNewsPresenter.swift in Sources */,
				D37725DA244F318000510A35 /* GameReviewPresenter.swift in Sources */,
				D3866AB1244DCE27004FC01D /* TechResultsPresenterView.swift in Sources */,
				D3866AA7244D8037004FC01D /* WebView.swift in Sources */,
				D380778224501B0600716FB6 /* GameResultPresenter.swift in Sources */,
				D368A44023EC363D0090A80F /* GeneralTechReview.swift in Sources */,
				D33999B523FBC33A009E1811 /* SearchResultsTable.swift in Sources */,
				D3866AAD244DCB23004FC01D /* Segues.swift in Sources */,
				D396EBA3244B265D007DB5B5 /* TechResultsTableView.swift in Sources */,
				D3DBEC6923E98180003EBFDC /* AppDelegate.swift in Sources */,
				D368A43823EBF5130090A80F /* GameReviewController.swift in Sources */,
				D3DDB5DA245703C7001C31D6 /* ColorExtention.swift in Sources */,
				D380778924508BC400716FB6 /* PreferenceRepository.swift in Sources */,
				D380778024501AF400716FB6 /* GameResultsPresenterView.swift in Sources */,
				D3866AAF244DCDEA004FC01D /* TechPresenterView.swift in Sources */,
				D38077872450893B00716FB6 /* TechReads.xcdatamodeld in Sources */,
				D32D0699242C8CA6002A8647 /* PreferenceUtilitiesView.m in Sources */,
				D368A43A23EBF6730090A80F /* GameSearchView.swift in Sources */,
				D3A6CE172438CB2E00B96DE1 /* SaveUtilityPresenter.swift in Sources */,
				D3DBEC6B23E98180003EBFDC /* SceneDelegate.swift in Sources */,
				D32A8534245808C5007BAB55 /* UIModifications.swift in Sources */,
				D37725D8244F30DB00510A35 /* UIImageExtention.swift in Sources */,
				D396EBA9244B2B5E007DB5B5 /* TechResultsPresenter.swift in Sources */,
				D357DB522454622A00E9466A /* ViewControllerExtention.swift in Sources */,
			);
			runOnlyForDeploymentPostprocessing = 0;
		};
		D3DBEC7723E98180003EBFDC /* Sources */ = {
			isa = PBXSourcesBuildPhase;
			buildActionMask = 2147483647;
			files = (
				D3C1EA9C2432379C007AFFDD /* SaveLoadTest.swift in Sources */,
				D328BECF245957D300AACC4C /* NewsAPICodeTest.swift in Sources */,
				D3486D1E2459A46F00087796 /* URLPathTesting.swift in Sources */,
				D37E6937242CF68000391989 /* TextProcessingtests.swift in Sources */,
				D3486D142459963700087796 /* GameAPICodeTest.swift in Sources */,
			);
			runOnlyForDeploymentPostprocessing = 0;
		};
		D3DBEC8223E98180003EBFDC /* Sources */ = {
			isa = PBXSourcesBuildPhase;
			buildActionMask = 2147483647;
			files = (
				D3DBEC8B23E98180003EBFDC /* Tech_ReadsUITests.swift in Sources */,
				D387254C2455A72E00DDE766 /* SnapshotHelper.swift in Sources */,
			);
			runOnlyForDeploymentPostprocessing = 0;
		};
/* End PBXSourcesBuildPhase section */

/* Begin PBXTargetDependency section */
		D3522B532451DCED009405AE /* PBXTargetDependency */ = {
			isa = PBXTargetDependency;
			target = D3522B4F2451DCED009405AE /* TopHeadlinesWatchApp Extension */;
			targetProxy = D3522B522451DCED009405AE /* PBXContainerItemProxy */;
		};
		D3522B602451DCEE009405AE /* PBXTargetDependency */ = {
			isa = PBXTargetDependency;
			target = D3522B432451DCEC009405AE /* TopHeadlinesWatchApp */;
			targetProxy = D3522B5F2451DCEE009405AE /* PBXContainerItemProxy */;
		};
		D3DBEC7D23E98180003EBFDC /* PBXTargetDependency */ = {
			isa = PBXTargetDependency;
			target = D3DBEC6423E98180003EBFDC /* Tech Reads */;
			targetProxy = D3DBEC7C23E98180003EBFDC /* PBXContainerItemProxy */;
		};
		D3DBEC8823E98180003EBFDC /* PBXTargetDependency */ = {
			isa = PBXTargetDependency;
			target = D3DBEC6423E98180003EBFDC /* Tech Reads */;
			targetProxy = D3DBEC8723E98180003EBFDC /* PBXContainerItemProxy */;
		};
/* End PBXTargetDependency section */

/* Begin PBXVariantGroup section */
		D3522B462451DCEC009405AE /* Interface.storyboard */ = {
			isa = PBXVariantGroup;
			children = (
				D3522B472451DCEC009405AE /* Base */,
			);
			name = Interface.storyboard;
			sourceTree = "<group>";
		};
		D3DBEC6E23E98180003EBFDC /* Main.storyboard */ = {
			isa = PBXVariantGroup;
			children = (
				D3DBEC6F23E98180003EBFDC /* Base */,
			);
			name = Main.storyboard;
			sourceTree = "<group>";
		};
		D3DBEC7323E98180003EBFDC /* LaunchScreen.storyboard */ = {
			isa = PBXVariantGroup;
			children = (
				D3DBEC7423E98180003EBFDC /* Base */,
			);
			name = LaunchScreen.storyboard;
			sourceTree = "<group>";
		};
/* End PBXVariantGroup section */

/* Begin XCBuildConfiguration section */
		D3522B632451DCEE009405AE /* Debug */ = {
			isa = XCBuildConfiguration;
			baseConfigurationReference = 5F8155DDAA5D65DF14098C98 /* Pods-TopHeadlinesWatchApp.debug.xcconfig */;
			buildSettings = {
				ALWAYS_EMBED_SWIFT_STANDARD_LIBRARIES = "$(inherited)";
				ASSETCATALOG_COMPILER_APPICON_NAME = AppIcon;
				CODE_SIGN_STYLE = Automatic;
				DEVELOPMENT_TEAM = GLK7J5PP82;
				IBSC_MODULE = TopHeadlinesWatchApp_Extension;
				INFOPLIST_FILE = TopHeadlinesWatchApp/Info.plist;
				PRODUCT_BUNDLE_IDENTIFIER = "za.co.dvt.Tech-Reads.watchkitapp";
				PRODUCT_NAME = "$(TARGET_NAME)";
				SDKROOT = watchos;
				SKIP_INSTALL = YES;
				SWIFT_VERSION = 5.0;
				TARGETED_DEVICE_FAMILY = 4;
				WATCHOS_DEPLOYMENT_TARGET = 6.2;
			};
			name = Debug;
		};
		D3522B642451DCEE009405AE /* Release */ = {
			isa = XCBuildConfiguration;
			baseConfigurationReference = 4967767DB3E8AC5B899A5147 /* Pods-TopHeadlinesWatchApp.release.xcconfig */;
			buildSettings = {
				ALWAYS_EMBED_SWIFT_STANDARD_LIBRARIES = "$(inherited)";
				ASSETCATALOG_COMPILER_APPICON_NAME = AppIcon;
				CODE_SIGN_STYLE = Automatic;
				DEVELOPMENT_TEAM = GLK7J5PP82;
				IBSC_MODULE = TopHeadlinesWatchApp_Extension;
				INFOPLIST_FILE = TopHeadlinesWatchApp/Info.plist;
				PRODUCT_BUNDLE_IDENTIFIER = "za.co.dvt.Tech-Reads.watchkitapp";
				PRODUCT_NAME = "$(TARGET_NAME)";
				SDKROOT = watchos;
				SKIP_INSTALL = YES;
				SWIFT_VERSION = 5.0;
				TARGETED_DEVICE_FAMILY = 4;
				WATCHOS_DEPLOYMENT_TARGET = 6.2;
			};
			name = Release;
		};
		D3522B662451DCEE009405AE /* Debug */ = {
			isa = XCBuildConfiguration;
			baseConfigurationReference = F2F6D8FBE81C2315EA9EE8F0 /* Pods-TopHeadlinesWatchApp Extension.debug.xcconfig */;
			buildSettings = {
				ALWAYS_EMBED_SWIFT_STANDARD_LIBRARIES = "$(inherited)";
				ASSETCATALOG_COMPILER_COMPLICATION_NAME = Complication;
				CODE_SIGN_STYLE = Automatic;
				DEVELOPMENT_TEAM = GLK7J5PP82;
				INFOPLIST_FILE = "TopHeadlinesWatchApp Extension/Info.plist";
				LD_RUNPATH_SEARCH_PATHS = (
					"$(inherited)",
					"@executable_path/Frameworks",
					"@executable_path/../../Frameworks",
				);
				PRODUCT_BUNDLE_IDENTIFIER = "za.co.dvt.Tech-Reads.watchkitapp.watchkitextension";
				PRODUCT_NAME = "${TARGET_NAME}";
				SDKROOT = watchos;
				SKIP_INSTALL = YES;
				SWIFT_VERSION = 5.0;
				TARGETED_DEVICE_FAMILY = 4;
				WATCHOS_DEPLOYMENT_TARGET = 6.2;
			};
			name = Debug;
		};
		D3522B672451DCEE009405AE /* Release */ = {
			isa = XCBuildConfiguration;
			baseConfigurationReference = 3CE3FA0BF8F2706972699D31 /* Pods-TopHeadlinesWatchApp Extension.release.xcconfig */;
			buildSettings = {
				ALWAYS_EMBED_SWIFT_STANDARD_LIBRARIES = "$(inherited)";
				ASSETCATALOG_COMPILER_COMPLICATION_NAME = Complication;
				CODE_SIGN_STYLE = Automatic;
				DEVELOPMENT_TEAM = GLK7J5PP82;
				INFOPLIST_FILE = "TopHeadlinesWatchApp Extension/Info.plist";
				LD_RUNPATH_SEARCH_PATHS = (
					"$(inherited)",
					"@executable_path/Frameworks",
					"@executable_path/../../Frameworks",
				);
				PRODUCT_BUNDLE_IDENTIFIER = "za.co.dvt.Tech-Reads.watchkitapp.watchkitextension";
				PRODUCT_NAME = "${TARGET_NAME}";
				SDKROOT = watchos;
				SKIP_INSTALL = YES;
				SWIFT_VERSION = 5.0;
				TARGETED_DEVICE_FAMILY = 4;
				WATCHOS_DEPLOYMENT_TARGET = 6.2;
			};
			name = Release;
		};
		D3DBEC8D23E98180003EBFDC /* Debug */ = {
			isa = XCBuildConfiguration;
			buildSettings = {
				ALWAYS_EMBED_SWIFT_STANDARD_LIBRARIES = "$(inherited)";
				ALWAYS_SEARCH_USER_PATHS = NO;
				CLANG_ANALYZER_NONNULL = YES;
				CLANG_ANALYZER_NUMBER_OBJECT_CONVERSION = YES_AGGRESSIVE;
				CLANG_CXX_LANGUAGE_STANDARD = "gnu++14";
				CLANG_CXX_LIBRARY = "libc++";
				CLANG_ENABLE_MODULES = YES;
				CLANG_ENABLE_OBJC_ARC = YES;
				CLANG_ENABLE_OBJC_WEAK = YES;
				CLANG_WARN_BLOCK_CAPTURE_AUTORELEASING = YES;
				CLANG_WARN_BOOL_CONVERSION = YES;
				CLANG_WARN_COMMA = YES;
				CLANG_WARN_CONSTANT_CONVERSION = YES;
				CLANG_WARN_DEPRECATED_OBJC_IMPLEMENTATIONS = YES;
				CLANG_WARN_DIRECT_OBJC_ISA_USAGE = YES_ERROR;
				CLANG_WARN_DOCUMENTATION_COMMENTS = YES;
				CLANG_WARN_EMPTY_BODY = YES;
				CLANG_WARN_ENUM_CONVERSION = YES;
				CLANG_WARN_INFINITE_RECURSION = YES;
				CLANG_WARN_INT_CONVERSION = YES;
				CLANG_WARN_NON_LITERAL_NULL_CONVERSION = YES;
				CLANG_WARN_OBJC_IMPLICIT_RETAIN_SELF = YES;
				CLANG_WARN_OBJC_LITERAL_CONVERSION = YES;
				CLANG_WARN_OBJC_ROOT_CLASS = YES_ERROR;
				CLANG_WARN_RANGE_LOOP_ANALYSIS = YES;
				CLANG_WARN_STRICT_PROTOTYPES = YES;
				CLANG_WARN_SUSPICIOUS_MOVE = YES;
				CLANG_WARN_UNGUARDED_AVAILABILITY = YES_AGGRESSIVE;
				CLANG_WARN_UNREACHABLE_CODE = YES;
				CLANG_WARN__DUPLICATE_METHOD_MATCH = YES;
				COPY_PHASE_STRIP = NO;
				DEBUG_INFORMATION_FORMAT = dwarf;
				ENABLE_STRICT_OBJC_MSGSEND = YES;
				ENABLE_TESTABILITY = YES;
				GCC_C_LANGUAGE_STANDARD = gnu11;
				GCC_DYNAMIC_NO_PIC = NO;
				GCC_NO_COMMON_BLOCKS = YES;
				GCC_OPTIMIZATION_LEVEL = 0;
				GCC_PREPROCESSOR_DEFINITIONS = (
					"DEBUG=1",
					"$(inherited)",
				);
				GCC_WARN_64_TO_32_BIT_CONVERSION = YES;
				GCC_WARN_ABOUT_RETURN_TYPE = YES_ERROR;
				GCC_WARN_UNDECLARED_SELECTOR = YES;
				GCC_WARN_UNINITIALIZED_AUTOS = YES_AGGRESSIVE;
				GCC_WARN_UNUSED_FUNCTION = YES;
				GCC_WARN_UNUSED_VARIABLE = YES;
				HEADER_SEARCH_PATHS = "$(inherited)";
				IPHONEOS_DEPLOYMENT_TARGET = 13.2;
				MTL_ENABLE_DEBUG_INFO = INCLUDE_SOURCE;
				MTL_FAST_MATH = YES;
				ONLY_ACTIVE_ARCH = YES;
				SDKROOT = iphoneos;
				SWIFT_ACTIVE_COMPILATION_CONDITIONS = DEBUG;
				SWIFT_OPTIMIZATION_LEVEL = "-Onone";
			};
			name = Debug;
		};
		D3DBEC8E23E98180003EBFDC /* Release */ = {
			isa = XCBuildConfiguration;
			buildSettings = {
				ALWAYS_EMBED_SWIFT_STANDARD_LIBRARIES = "$(inherited)";
				ALWAYS_SEARCH_USER_PATHS = NO;
				CLANG_ANALYZER_NONNULL = YES;
				CLANG_ANALYZER_NUMBER_OBJECT_CONVERSION = YES_AGGRESSIVE;
				CLANG_CXX_LANGUAGE_STANDARD = "gnu++14";
				CLANG_CXX_LIBRARY = "libc++";
				CLANG_ENABLE_MODULES = YES;
				CLANG_ENABLE_OBJC_ARC = YES;
				CLANG_ENABLE_OBJC_WEAK = YES;
				CLANG_WARN_BLOCK_CAPTURE_AUTORELEASING = YES;
				CLANG_WARN_BOOL_CONVERSION = YES;
				CLANG_WARN_COMMA = YES;
				CLANG_WARN_CONSTANT_CONVERSION = YES;
				CLANG_WARN_DEPRECATED_OBJC_IMPLEMENTATIONS = YES;
				CLANG_WARN_DIRECT_OBJC_ISA_USAGE = YES_ERROR;
				CLANG_WARN_DOCUMENTATION_COMMENTS = YES;
				CLANG_WARN_EMPTY_BODY = YES;
				CLANG_WARN_ENUM_CONVERSION = YES;
				CLANG_WARN_INFINITE_RECURSION = YES;
				CLANG_WARN_INT_CONVERSION = YES;
				CLANG_WARN_NON_LITERAL_NULL_CONVERSION = YES;
				CLANG_WARN_OBJC_IMPLICIT_RETAIN_SELF = YES;
				CLANG_WARN_OBJC_LITERAL_CONVERSION = YES;
				CLANG_WARN_OBJC_ROOT_CLASS = YES_ERROR;
				CLANG_WARN_RANGE_LOOP_ANALYSIS = YES;
				CLANG_WARN_STRICT_PROTOTYPES = YES;
				CLANG_WARN_SUSPICIOUS_MOVE = YES;
				CLANG_WARN_UNGUARDED_AVAILABILITY = YES_AGGRESSIVE;
				CLANG_WARN_UNREACHABLE_CODE = YES;
				CLANG_WARN__DUPLICATE_METHOD_MATCH = YES;
				COPY_PHASE_STRIP = NO;
				DEBUG_INFORMATION_FORMAT = "dwarf-with-dsym";
				ENABLE_NS_ASSERTIONS = NO;
				ENABLE_STRICT_OBJC_MSGSEND = YES;
				GCC_C_LANGUAGE_STANDARD = gnu11;
				GCC_NO_COMMON_BLOCKS = YES;
				GCC_WARN_64_TO_32_BIT_CONVERSION = YES;
				GCC_WARN_ABOUT_RETURN_TYPE = YES_ERROR;
				GCC_WARN_UNDECLARED_SELECTOR = YES;
				GCC_WARN_UNINITIALIZED_AUTOS = YES_AGGRESSIVE;
				GCC_WARN_UNUSED_FUNCTION = YES;
				GCC_WARN_UNUSED_VARIABLE = YES;
				HEADER_SEARCH_PATHS = "$(inherited)";
				IPHONEOS_DEPLOYMENT_TARGET = 13.2;
				MTL_ENABLE_DEBUG_INFO = NO;
				MTL_FAST_MATH = YES;
				SDKROOT = iphoneos;
				SWIFT_COMPILATION_MODE = wholemodule;
				SWIFT_OPTIMIZATION_LEVEL = "-O";
				VALIDATE_PRODUCT = YES;
			};
			name = Release;
		};
		D3DBEC9023E98180003EBFDC /* Debug */ = {
			isa = XCBuildConfiguration;
			baseConfigurationReference = 7DBF214C111667897C9376A8 /* Pods-Tech Reads.debug.xcconfig */;
			buildSettings = {
				ALWAYS_EMBED_SWIFT_STANDARD_LIBRARIES = "$(inherited)";
				ASSETCATALOG_COMPILER_APPICON_NAME = AppIcon;
				CLANG_ENABLE_MODULES = YES;
				CODE_SIGN_STYLE = Automatic;
				DEBUG_INFORMATION_FORMAT = "dwarf-with-dsym";
				DEFINES_MODULE = YES;
				DEVELOPMENT_TEAM = GLK7J5PP82;
				HEADER_SEARCH_PATHS = "$(inherited)";
				INFOPLIST_FILE = "Tech Reads/Info.plist";
				LD_RUNPATH_SEARCH_PATHS = (
					"$(inherited)",
					"@executable_path/Frameworks",
				);
				PRODUCT_BUNDLE_IDENTIFIER = "za.co.dvt.Tech-Reads";
				PRODUCT_NAME = "$(TARGET_NAME)";
				SCAN_ALL_SOURCE_FILES_FOR_INCLUDES = NO;
				SWIFT_OBJC_BRIDGING_HEADER = "Tech Reads/Preferences/Tech Reads-Bridging-Header.h";
				SWIFT_OPTIMIZATION_LEVEL = "-Onone";
				SWIFT_VERSION = 5.0;
				TARGETED_DEVICE_FAMILY = "1,2";
			};
			name = Debug;
		};
		D3DBEC9123E98180003EBFDC /* Release */ = {
			isa = XCBuildConfiguration;
			baseConfigurationReference = E57E326594E70D3F128094D3 /* Pods-Tech Reads.release.xcconfig */;
			buildSettings = {
				ALWAYS_EMBED_SWIFT_STANDARD_LIBRARIES = "$(inherited)";
				ASSETCATALOG_COMPILER_APPICON_NAME = AppIcon;
				CLANG_ENABLE_MODULES = YES;
				CODE_SIGN_STYLE = Automatic;
				DEFINES_MODULE = YES;
				DEVELOPMENT_TEAM = GLK7J5PP82;
				HEADER_SEARCH_PATHS = "$(inherited)";
				INFOPLIST_FILE = "Tech Reads/Info.plist";
				LD_RUNPATH_SEARCH_PATHS = (
					"$(inherited)",
					"@executable_path/Frameworks",
				);
				PRODUCT_BUNDLE_IDENTIFIER = "za.co.dvt.Tech-Reads";
				PRODUCT_NAME = "$(TARGET_NAME)";
				SCAN_ALL_SOURCE_FILES_FOR_INCLUDES = NO;
				SWIFT_OBJC_BRIDGING_HEADER = "Tech Reads/Preferences/Tech Reads-Bridging-Header.h";
				SWIFT_VERSION = 5.0;
				TARGETED_DEVICE_FAMILY = "1,2";
			};
			name = Release;
		};
		D3DBEC9323E98180003EBFDC /* Debug */ = {
			isa = XCBuildConfiguration;
			baseConfigurationReference = 82BF5A7F3F38817A164B2664 /* Pods-Tech ReadsTests.debug.xcconfig */;
			buildSettings = {
				ALWAYS_EMBED_SWIFT_STANDARD_LIBRARIES = "$(inherited)";
				BUNDLE_LOADER = "$(TEST_HOST)";
				CODE_SIGN_STYLE = Automatic;
				DEVELOPMENT_TEAM = GLK7J5PP82;
				HEADER_SEARCH_PATHS = "$(inherited)";
				INFOPLIST_FILE = "Tech ReadsTests/Info.plist";
				IPHONEOS_DEPLOYMENT_TARGET = 13.2;
				LD_RUNPATH_SEARCH_PATHS = (
					"$(inherited)",
					"@executable_path/Frameworks",
					"@loader_path/Frameworks",
				);
				PRODUCT_BUNDLE_IDENTIFIER = "za.co.dvt.Tech-ReadsTests";
				PRODUCT_NAME = "$(TARGET_NAME)";
				SWIFT_OBJC_BRIDGING_HEADER = "Tech Reads/Preferences/Tech Reads-Bridging-Header.h";
				SWIFT_VERSION = 5.0;
				TARGETED_DEVICE_FAMILY = "1,2";
				TEST_HOST = "$(BUILT_PRODUCTS_DIR)/Tech Reads.app/Tech Reads";
			};
			name = Debug;
		};
		D3DBEC9423E98180003EBFDC /* Release */ = {
			isa = XCBuildConfiguration;
			baseConfigurationReference = 31E75FD79A0DDF6F58AFCF30 /* Pods-Tech ReadsTests.release.xcconfig */;
			buildSettings = {
				ALWAYS_EMBED_SWIFT_STANDARD_LIBRARIES = "$(inherited)";
				BUNDLE_LOADER = "$(TEST_HOST)";
				CODE_SIGN_STYLE = Automatic;
				DEVELOPMENT_TEAM = GLK7J5PP82;
				HEADER_SEARCH_PATHS = "$(inherited)";
				INFOPLIST_FILE = "Tech ReadsTests/Info.plist";
				IPHONEOS_DEPLOYMENT_TARGET = 13.2;
				LD_RUNPATH_SEARCH_PATHS = (
					"$(inherited)",
					"@executable_path/Frameworks",
					"@loader_path/Frameworks",
				);
				PRODUCT_BUNDLE_IDENTIFIER = "za.co.dvt.Tech-ReadsTests";
				PRODUCT_NAME = "$(TARGET_NAME)";
				SWIFT_OBJC_BRIDGING_HEADER = "Tech Reads/Preferences/Tech Reads-Bridging-Header.h";
				SWIFT_VERSION = 5.0;
				TARGETED_DEVICE_FAMILY = "1,2";
				TEST_HOST = "$(BUILT_PRODUCTS_DIR)/Tech Reads.app/Tech Reads";
			};
			name = Release;
		};
		D3DBEC9623E98180003EBFDC /* Debug */ = {
			isa = XCBuildConfiguration;
			baseConfigurationReference = C9128A37192AE6D7035EFA68 /* Pods-Tech Reads-Tech ReadsUITests.debug.xcconfig */;
			buildSettings = {
				ALWAYS_EMBED_SWIFT_STANDARD_LIBRARIES = "$(inherited)";
				CODE_SIGN_STYLE = Automatic;
				DEVELOPMENT_TEAM = GLK7J5PP82;
				HEADER_SEARCH_PATHS = "$(inherited)";
				INFOPLIST_FILE = "Tech ReadsUITests/Info.plist";
				LD_RUNPATH_SEARCH_PATHS = (
					"$(inherited)",
					"@executable_path/Frameworks",
					"@loader_path/Frameworks",
				);
				PRODUCT_BUNDLE_IDENTIFIER = "za.co.dvt.Tech-ReadsUITests";
				PRODUCT_NAME = "$(TARGET_NAME)";
				SWIFT_OBJC_BRIDGING_HEADER = "Tech Reads/Preferences/Tech Reads-Bridging-Header.h";
				SWIFT_VERSION = 5.0;
				TARGETED_DEVICE_FAMILY = "1,2";
				TEST_TARGET_NAME = "Tech Reads";
			};
			name = Debug;
		};
		D3DBEC9723E98180003EBFDC /* Release */ = {
			isa = XCBuildConfiguration;
			baseConfigurationReference = 69C4D0A861CE882B745456E3 /* Pods-Tech Reads-Tech ReadsUITests.release.xcconfig */;
			buildSettings = {
				ALWAYS_EMBED_SWIFT_STANDARD_LIBRARIES = "$(inherited)";
				CODE_SIGN_STYLE = Automatic;
				DEVELOPMENT_TEAM = GLK7J5PP82;
				HEADER_SEARCH_PATHS = "$(inherited)";
				INFOPLIST_FILE = "Tech ReadsUITests/Info.plist";
				LD_RUNPATH_SEARCH_PATHS = (
					"$(inherited)",
					"@executable_path/Frameworks",
					"@loader_path/Frameworks",
				);
				PRODUCT_BUNDLE_IDENTIFIER = "za.co.dvt.Tech-ReadsUITests";
				PRODUCT_NAME = "$(TARGET_NAME)";
				SWIFT_OBJC_BRIDGING_HEADER = "Tech Reads/Preferences/Tech Reads-Bridging-Header.h";
				SWIFT_VERSION = 5.0;
				TARGETED_DEVICE_FAMILY = "1,2";
				TEST_TARGET_NAME = "Tech Reads";
			};
			name = Release;
		};
/* End XCBuildConfiguration section */

/* Begin XCConfigurationList section */
		D3522B682451DCEE009405AE /* Build configuration list for PBXNativeTarget "TopHeadlinesWatchApp Extension" */ = {
			isa = XCConfigurationList;
			buildConfigurations = (
				D3522B662451DCEE009405AE /* Debug */,
				D3522B672451DCEE009405AE /* Release */,
			);
			defaultConfigurationIsVisible = 0;
			defaultConfigurationName = Release;
		};
		D3522B692451DCEE009405AE /* Build configuration list for PBXNativeTarget "TopHeadlinesWatchApp" */ = {
			isa = XCConfigurationList;
			buildConfigurations = (
				D3522B632451DCEE009405AE /* Debug */,
				D3522B642451DCEE009405AE /* Release */,
			);
			defaultConfigurationIsVisible = 0;
			defaultConfigurationName = Release;
		};
		D3DBEC6023E98180003EBFDC /* Build configuration list for PBXProject "Tech Reads" */ = {
			isa = XCConfigurationList;
			buildConfigurations = (
				D3DBEC8D23E98180003EBFDC /* Debug */,
				D3DBEC8E23E98180003EBFDC /* Release */,
			);
			defaultConfigurationIsVisible = 0;
			defaultConfigurationName = Release;
		};
		D3DBEC8F23E98180003EBFDC /* Build configuration list for PBXNativeTarget "Tech Reads" */ = {
			isa = XCConfigurationList;
			buildConfigurations = (
				D3DBEC9023E98180003EBFDC /* Debug */,
				D3DBEC9123E98180003EBFDC /* Release */,
			);
			defaultConfigurationIsVisible = 0;
			defaultConfigurationName = Release;
		};
		D3DBEC9223E98180003EBFDC /* Build configuration list for PBXNativeTarget "Tech ReadsTests" */ = {
			isa = XCConfigurationList;
			buildConfigurations = (
				D3DBEC9323E98180003EBFDC /* Debug */,
				D3DBEC9423E98180003EBFDC /* Release */,
			);
			defaultConfigurationIsVisible = 0;
			defaultConfigurationName = Release;
		};
		D3DBEC9523E98180003EBFDC /* Build configuration list for PBXNativeTarget "Tech ReadsUITests" */ = {
			isa = XCConfigurationList;
			buildConfigurations = (
				D3DBEC9623E98180003EBFDC /* Debug */,
				D3DBEC9723E98180003EBFDC /* Release */,
			);
			defaultConfigurationIsVisible = 0;
			defaultConfigurationName = Release;
		};
/* End XCConfigurationList section */

/* Begin XCVersionGroup section */
		D38077852450893B00716FB6 /* TechReads.xcdatamodeld */ = {
			isa = XCVersionGroup;
			children = (
				D38077862450893B00716FB6 /* PreferenceModel.xcdatamodel */,
			);
			currentVersion = D38077862450893B00716FB6 /* PreferenceModel.xcdatamodel */;
			path = TechReads.xcdatamodeld;
			sourceTree = "<group>";
			versionGroupType = wrapper.xcdatamodel;
		};
/* End XCVersionGroup section */
	};
	rootObject = D3DBEC5D23E98180003EBFDC /* Project object */;
}
